// !$*UTF8*$!
{
	archiveVersion = 1;
	classes = {
	};
	objectVersion = 56;
	objects = {

/* Begin PBXBuildFile section */
		6F0EFE242ACB331D00578330 /* SprintRowView.swift in Sources */ = {isa = PBXBuildFile; fileRef = 6F0EFE232ACB331D00578330 /* SprintRowView.swift */; };
		6F0EFE492ACEC2F400578330 /* Carousel.swift in Sources */ = {isa = PBXBuildFile; fileRef = 6F0EFE482ACEC2F400578330 /* Carousel.swift */; };
		6F291EB72AC594B8004C9A54 /* IssueFormView.swift in Sources */ = {isa = PBXBuildFile; fileRef = 6F291EB62AC594B8004C9A54 /* IssueFormView.swift */; };
		6F291EB92AC594CB004C9A54 /* IssueFormViewModel.swift in Sources */ = {isa = PBXBuildFile; fileRef = 6F291EB82AC594CB004C9A54 /* IssueFormViewModel.swift */; };
		6F291EBB2AC5A3F9004C9A54 /* BoardViewModel.swift in Sources */ = {isa = PBXBuildFile; fileRef = 6F291EBA2AC5A3F9004C9A54 /* BoardViewModel.swift */; };
		6F291EBD2AC6A09F004C9A54 /* BacklogViewModel.swift in Sources */ = {isa = PBXBuildFile; fileRef = 6F291EBC2AC6A09F004C9A54 /* BacklogViewModel.swift */; };
		6F291EBF2AC6A841004C9A54 /* ProjectFormView.swift in Sources */ = {isa = PBXBuildFile; fileRef = 6F291EBE2AC6A841004C9A54 /* ProjectFormView.swift */; };
		6F291EC12AC6A965004C9A54 /* ProjectFormViewModel.swift in Sources */ = {isa = PBXBuildFile; fileRef = 6F291EC02AC6A965004C9A54 /* ProjectFormViewModel.swift */; };
		6F291EC32AC6BE34004C9A54 /* ScreenHeader.swift in Sources */ = {isa = PBXBuildFile; fileRef = 6F291EC22AC6BE34004C9A54 /* ScreenHeader.swift */; };
		6F32B7842AC1D2FE00D5F4E8 /* ModelsTests.swift in Sources */ = {isa = PBXBuildFile; fileRef = 6F32B7832AC1D2FE00D5F4E8 /* ModelsTests.swift */; };
		6F32B7862AC1D33E00D5F4E8 /* Mockup Data.swift in Sources */ = {isa = PBXBuildFile; fileRef = 6F32B7852AC1D33E00D5F4E8 /* Mockup Data.swift */; };
		6F3667D32AD6E4D900FE17F3 /* CreateSprintView.swift in Sources */ = {isa = PBXBuildFile; fileRef = 6F3667D22AD6E4D900FE17F3 /* CreateSprintView.swift */; };
		6F42A3A62AEA9C86000983AD /* Refresh.swift in Sources */ = {isa = PBXBuildFile; fileRef = 6F42A3A52AEA9C86000983AD /* Refresh.swift */; };
		6F42A3A92AEB0145000983AD /* CommentFormView.swift in Sources */ = {isa = PBXBuildFile; fileRef = 6F42A3A82AEB0145000983AD /* CommentFormView.swift */; };
		6F434EF12A9B814100D13BB6 /* NSCache+Subscript.swift in Sources */ = {isa = PBXBuildFile; fileRef = 6F434EF02A9B814100D13BB6 /* NSCache+Subscript.swift */; };
		6F4FA1032AE13A8F002297C9 /* IssueDetailedFormViewModel.swift in Sources */ = {isa = PBXBuildFile; fileRef = 6F4FA1022AE13A8F002297C9 /* IssueDetailedFormViewModel.swift */; };
		6F4FA1052AE13AB7002297C9 /* TagPickerView.swift in Sources */ = {isa = PBXBuildFile; fileRef = 6F4FA1042AE13AB7002297C9 /* TagPickerView.swift */; };
		6F4FA1072AE13B1A002297C9 /* IssueDetailedFormView.swift in Sources */ = {isa = PBXBuildFile; fileRef = 6F4FA1062AE13B1A002297C9 /* IssueDetailedFormView.swift */; };
		6F4FA1092AE18D9F002297C9 /* Binding+Extension.swift in Sources */ = {isa = PBXBuildFile; fileRef = 6F4FA1082AE18D9F002297C9 /* Binding+Extension.swift */; };
		6F4FA10C2AE1C7BC002297C9 /* PartialSheet in Frameworks */ = {isa = PBXBuildFile; productRef = 6F4FA10B2AE1C7BC002297C9 /* PartialSheet */; };
		6F4FA10E2AE1EE79002297C9 /* MembersView.swift in Sources */ = {isa = PBXBuildFile; fileRef = 6F4FA10D2AE1EE79002297C9 /* MembersView.swift */; };
		6F4FA1152AE6D831002297C9 /* CommentTextInputView.swift in Sources */ = {isa = PBXBuildFile; fileRef = 6F4FA1142AE6D831002297C9 /* CommentTextInputView.swift */; };
		6F4FA1172AE6DB9A002297C9 /* CommentRowView.swift in Sources */ = {isa = PBXBuildFile; fileRef = 6F4FA1162AE6DB9A002297C9 /* CommentRowView.swift */; };
		6F4FA1192AE6F8E5002297C9 /* SwipeView.swift in Sources */ = {isa = PBXBuildFile; fileRef = 6F4FA1182AE6F8E5002297C9 /* SwipeView.swift */; };
		6F59AEE22AAC8C570020977E /* Client.swift in Sources */ = {isa = PBXBuildFile; fileRef = 6F59AEE12AAC8C570020977E /* Client.swift */; };
		6F59AEE42AAC8C6D0020977E /* RootViewModel.swift in Sources */ = {isa = PBXBuildFile; fileRef = 6F59AEE32AAC8C6D0020977E /* RootViewModel.swift */; };
		6F5F5EE929DC472100B9BCE6 /* NetworkManager.swift in Sources */ = {isa = PBXBuildFile; fileRef = 6F5F5EE829DC472100B9BCE6 /* NetworkManager.swift */; };
		6F5F5EEB29DC88BB00B9BCE6 /* AuthenticatedUserView.swift in Sources */ = {isa = PBXBuildFile; fileRef = 6F5F5EEA29DC88BB00B9BCE6 /* AuthenticatedUserView.swift */; };
		6F5F5EF629DD82AB00B9BCE6 /* CustomDivider.swift in Sources */ = {isa = PBXBuildFile; fileRef = 6F5F5EF529DD82AB00B9BCE6 /* CustomDivider.swift */; };
		6F5F5F0D29E07A8100B9BCE6 /* PasswordField.swift in Sources */ = {isa = PBXBuildFile; fileRef = 6F5F5F0C29E07A8100B9BCE6 /* PasswordField.swift */; };
		6F5F5F0F29E07E4800B9BCE6 /* CustomNavigationView.swift in Sources */ = {isa = PBXBuildFile; fileRef = 6F5F5F0E29E07E4800B9BCE6 /* CustomNavigationView.swift */; };
		6F5F9D872A13871D00F51B8E /* SignUpViewModel.swift in Sources */ = {isa = PBXBuildFile; fileRef = 6F5F9D862A13871D00F51B8E /* SignUpViewModel.swift */; };
		6F5F9D892A138A6300F51B8E /* SignUpFinalisationView.swift in Sources */ = {isa = PBXBuildFile; fileRef = 6F5F9D882A138A6300F51B8E /* SignUpFinalisationView.swift */; };
		6F5F9D8B2A139A7100F51B8E /* TermsOfService.swift in Sources */ = {isa = PBXBuildFile; fileRef = 6F5F9D8A2A139A7100F51B8E /* TermsOfService.swift */; };
		6F5F9D8E2A139B2600F51B8E /* UserGreetingMessange.swift in Sources */ = {isa = PBXBuildFile; fileRef = 6F5F9D8D2A139B2600F51B8E /* UserGreetingMessange.swift */; };
		6F63307D2A71A60600719862 /* SprintDropDelegate.swift in Sources */ = {isa = PBXBuildFile; fileRef = 6F63307C2A71A60600719862 /* SprintDropDelegate.swift */; };
		6F793FAB2B07EC9400A1EA39 /* ComposableArchitecture in Frameworks */ = {isa = PBXBuildFile; productRef = 6F793FAA2B07EC9400A1EA39 /* ComposableArchitecture */; };
		6F793FAE2B07ED8200A1EA39 /* App.swift in Sources */ = {isa = PBXBuildFile; fileRef = 6F793FAD2B07ED8200A1EA39 /* App.swift */; };
		6F8496F92A8FAF1200A3F46A /* Project.swift in Sources */ = {isa = PBXBuildFile; fileRef = 6F8496EB2A8FAF1200A3F46A /* Project.swift */; };
		6F8496FA2A8FAF1200A3F46A /* Comment.swift in Sources */ = {isa = PBXBuildFile; fileRef = 6F8496EC2A8FAF1200A3F46A /* Comment.swift */; };
		6F8496FC2A8FAF1200A3F46A /* Backlog.swift in Sources */ = {isa = PBXBuildFile; fileRef = 6F8496EE2A8FAF1200A3F46A /* Backlog.swift */; };
		6F8496FF2A8FAF1200A3F46A /* Issue.swift in Sources */ = {isa = PBXBuildFile; fileRef = 6F8496F12A8FAF1200A3F46A /* Issue.swift */; };
		6F8497012A8FAF1200A3F46A /* User.swift in Sources */ = {isa = PBXBuildFile; fileRef = 6F8496F32A8FAF1200A3F46A /* User.swift */; };
		6F8497032A8FAF1200A3F46A /* SignUp.swift in Sources */ = {isa = PBXBuildFile; fileRef = 6F8496F52A8FAF1200A3F46A /* SignUp.swift */; };
		6F8497042A8FAF1200A3F46A /* Sprint.swift in Sources */ = {isa = PBXBuildFile; fileRef = 6F8496F62A8FAF1200A3F46A /* Sprint.swift */; };
		6F8497052A8FAF1200A3F46A /* SignIn.swift in Sources */ = {isa = PBXBuildFile; fileRef = 6F8496F72A8FAF1200A3F46A /* SignIn.swift */; };
		6F895BF22A93C8F20026438D /* Endpoints.swift in Sources */ = {isa = PBXBuildFile; fileRef = 6F895BF12A93C8F20026438D /* Endpoints.swift */; };
		6F895BFC2A949BCC0026438D /* KeychainManager.swift in Sources */ = {isa = PBXBuildFile; fileRef = 6F895BFB2A949BCC0026438D /* KeychainManager.swift */; };
		6F895BFE2A949C110026438D /* Auth.swift in Sources */ = {isa = PBXBuildFile; fileRef = 6F895BFD2A949C110026438D /* Auth.swift */; };
		6F895C202A9501770026438D /* Auth+Extension.swift in Sources */ = {isa = PBXBuildFile; fileRef = 6F895C1F2A9501770026438D /* Auth+Extension.swift */; };
		6F895C232A9512850026438D /* CacheManager.swift in Sources */ = {isa = PBXBuildFile; fileRef = 6F895C222A9512850026438D /* CacheManager.swift */; };
		6F908B0B2A974CA70012463A /* KeychainManager+Subscript.swift in Sources */ = {isa = PBXBuildFile; fileRef = 6F908B0A2A974CA70012463A /* KeychainManager+Subscript.swift */; };
		6F908B102A9791D10012463A /* Endpoint+Extension.swift in Sources */ = {isa = PBXBuildFile; fileRef = 6F908B0F2A9791D10012463A /* Endpoint+Extension.swift */; };
		6FAF71502AD723F900ECCB30 /* IssueDetailedView.swift in Sources */ = {isa = PBXBuildFile; fileRef = 6FAF714F2AD723F900ECCB30 /* IssueDetailedView.swift */; };
		6FD008B22A0266AE00D3B760 /* Checkbox.swift in Sources */ = {isa = PBXBuildFile; fileRef = 6FD008B12A0266AE00D3B760 /* Checkbox.swift */; };
		6FD008B82A026E6E00D3B760 /* FormRowView.swift in Sources */ = {isa = PBXBuildFile; fileRef = 6FD008B72A026E6E00D3B760 /* FormRowView.swift */; };
		6FD008BA2A02705C00D3B760 /* FormTitleView.swift in Sources */ = {isa = PBXBuildFile; fileRef = 6FD008B92A02705C00D3B760 /* FormTitleView.swift */; };
		6FD008C42A02C0D800D3B760 /* DashboardView.swift in Sources */ = {isa = PBXBuildFile; fileRef = 6FD008C32A02C0D800D3B760 /* DashboardView.swift */; };
		6FD014F529DAA6DC009F2A77 /* SusieApp.swift in Sources */ = {isa = PBXBuildFile; fileRef = 6FD014F429DAA6DC009F2A77 /* SusieApp.swift */; };
		6FD014F929DAA6DC009F2A77 /* Assets.xcassets in Resources */ = {isa = PBXBuildFile; fileRef = 6FD014F829DAA6DC009F2A77 /* Assets.xcassets */; };
		6FD014FC29DAA6DC009F2A77 /* Preview Assets.xcassets in Resources */ = {isa = PBXBuildFile; fileRef = 6FD014FB29DAA6DC009F2A77 /* Preview Assets.xcassets */; };
		6FD0150E29DAAC8E009F2A77 /* IssueRowView.swift in Sources */ = {isa = PBXBuildFile; fileRef = 6FD0150D29DAAC8E009F2A77 /* IssueRowView.swift */; };
		6FD0151029DAACA0009F2A77 /* TagView.swift in Sources */ = {isa = PBXBuildFile; fileRef = 6FD0150F29DAACA0009F2A77 /* TagView.swift */; };
		6FD0151229DAACAF009F2A77 /* InitialsView.swift in Sources */ = {isa = PBXBuildFile; fileRef = 6FD0151129DAACAF009F2A77 /* InitialsView.swift */; };
		6FD0151629DAACFA009F2A77 /* PriotiryIndicatorView.swift in Sources */ = {isa = PBXBuildFile; fileRef = 6FD0151529DAACFA009F2A77 /* PriotiryIndicatorView.swift */; };
		6FD0151829DAADDE009F2A77 /* BoardView.swift in Sources */ = {isa = PBXBuildFile; fileRef = 6FD0151729DAADDE009F2A77 /* BoardView.swift */; };
		6FD0151A29DAAE48009F2A77 /* BoardsView.swift in Sources */ = {isa = PBXBuildFile; fileRef = 6FD0151929DAAE48009F2A77 /* BoardsView.swift */; };
		6FD0151F29DAB0B7009F2A77 /* WelcomeView.swift in Sources */ = {isa = PBXBuildFile; fileRef = 6FD0151E29DAB0B7009F2A77 /* WelcomeView.swift */; };
		6FD0152129DAB0D0009F2A77 /* SignUpView.swift in Sources */ = {isa = PBXBuildFile; fileRef = 6FD0152029DAB0D0009F2A77 /* SignUpView.swift */; };
		6FD0152329DAB0D9009F2A77 /* SignInView.swift in Sources */ = {isa = PBXBuildFile; fileRef = 6FD0152229DAB0D9009F2A77 /* SignInView.swift */; };
		6FD0152E29DAB67F009F2A77 /* TextButton.swift in Sources */ = {isa = PBXBuildFile; fileRef = 6FD0152D29DAB67F009F2A77 /* TextButton.swift */; };
		6FD0153729DAED26009F2A77 /* BacklogView.swift in Sources */ = {isa = PBXBuildFile; fileRef = 6FD0153629DAED26009F2A77 /* BacklogView.swift */; };
		6FE1E0EC2AAB5505009136A2 /* Factory in Frameworks */ = {isa = PBXBuildFile; productRef = 6FE1E0EB2AAB5505009136A2 /* Factory */; };
		6FE1E0EE2AAB5633009136A2 /* Container.swift in Sources */ = {isa = PBXBuildFile; fileRef = 6FE1E0ED2AAB5633009136A2 /* Container.swift */; };
		6FE1E0F42AAB6977009136A2 /* ProjectsViewModel.swift in Sources */ = {isa = PBXBuildFile; fileRef = 6FE1E0F32AAB6977009136A2 /* ProjectsViewModel.swift */; };
		6FE1E0F62AAB6980009136A2 /* ProjectsView.swift in Sources */ = {isa = PBXBuildFile; fileRef = 6FE1E0F52AAB6980009136A2 /* ProjectsView.swift */; };
		6FE1E0F82AAB69AA009136A2 /* ProjectRowView.swift in Sources */ = {isa = PBXBuildFile; fileRef = 6FE1E0F72AAB69AA009136A2 /* ProjectRowView.swift */; };
		6FE5179A2A9A111A001A5EDF /* NetworkMonitor.swift in Sources */ = {isa = PBXBuildFile; fileRef = 6FE517992A9A111A001A5EDF /* NetworkMonitor.swift */; };
		6FE517A02A9A42D4001A5EDF /* CacheManager+Subscript.swift in Sources */ = {isa = PBXBuildFile; fileRef = 6FE5179F2A9A42D4001A5EDF /* CacheManager+Subscript.swift */; };
		6FE517A22A9A435A001A5EDF /* URL+Extension.swift in Sources */ = {isa = PBXBuildFile; fileRef = 6FE517A12A9A435A001A5EDF /* URL+Extension.swift */; };
		6FE816382A69603B005D6817 /* HomeView.swift in Sources */ = {isa = PBXBuildFile; fileRef = 6FE816372A69603B005D6817 /* HomeView.swift */; };
		6FEC168E2AC86BD8006C7604 /* SprintView.swift in Sources */ = {isa = PBXBuildFile; fileRef = 6FEC168D2AC86BD8006C7604 /* SprintView.swift */; };
		6FEC16902AC86DFA006C7604 /* SprintViewModel.swift in Sources */ = {isa = PBXBuildFile; fileRef = 6FEC168F2AC86DFA006C7604 /* SprintViewModel.swift */; };
		6FEDB9AB2ACFFF5600D44B49 /* SprintFormView.swift in Sources */ = {isa = PBXBuildFile; fileRef = 6FEDB9AA2ACFFF5600D44B49 /* SprintFormView.swift */; };
		6FEDB9AD2AD000C900D44B49 /* SprintFormViewModel.swift in Sources */ = {isa = PBXBuildFile; fileRef = 6FEDB9AC2AD000C900D44B49 /* SprintFormViewModel.swift */; };
		6FEDB9AF2AD0225700D44B49 /* Date+Extension.swift in Sources */ = {isa = PBXBuildFile; fileRef = 6FEDB9AE2AD0225700D44B49 /* Date+Extension.swift */; };
		6FEDB9B22AD06D7900D44B49 /* SwipeActions in Frameworks */ = {isa = PBXBuildFile; productRef = 6FEDB9B12AD06D7900D44B49 /* SwipeActions */; };
		6FEDB9B42AD06F6200D44B49 /* SideMenu.swift in Sources */ = {isa = PBXBuildFile; fileRef = 6FEDB9B32AD06F6200D44B49 /* SideMenu.swift */; };
		6FEDB9C22AD1C77C00D44B49 /* DashboardViewModel.swift in Sources */ = {isa = PBXBuildFile; fileRef = 6FEDB9C12AD1C77C00D44B49 /* DashboardViewModel.swift */; };
		6FEDB9C42AD1C7B800D44B49 /* HomeViewModel.swift in Sources */ = {isa = PBXBuildFile; fileRef = 6FEDB9C32AD1C7B800D44B49 /* HomeViewModel.swift */; };
		6FEDB9C62AD1D63D00D44B49 /* Errors.swift in Sources */ = {isa = PBXBuildFile; fileRef = 6FEDB9C52AD1D63D00D44B49 /* Errors.swift */; };
		6FF149C22AA8CB07005CDBF6 /* Colors+Extension.swift in Sources */ = {isa = PBXBuildFile; fileRef = 6FF149C12AA8CB07005CDBF6 /* Colors+Extension.swift */; };
		6FF149C82AA8E220005CDBF6 /* ButtonStyles.swift in Sources */ = {isa = PBXBuildFile; fileRef = 6FF149C72AA8E220005CDBF6 /* ButtonStyles.swift */; };
		6FF702332AC559EF002A03B5 /* BoardsViewModel.swift in Sources */ = {isa = PBXBuildFile; fileRef = 6FF702322AC559EF002A03B5 /* BoardsViewModel.swift */; };
		6FFF798A2AD9AEAE00630013 /* TextFieldModifier.swift in Sources */ = {isa = PBXBuildFile; fileRef = 6FFF79892AD9AEAE00630013 /* TextFieldModifier.swift */; };
		6FFF798D2AD9F9E600630013 /* IssueDetailsView.swift in Sources */ = {isa = PBXBuildFile; fileRef = 6FFF798C2AD9F9E600630013 /* IssueDetailsView.swift */; };
		6FFF798F2AD9F9F300630013 /* IssueDetailsViewModel.swift in Sources */ = {isa = PBXBuildFile; fileRef = 6FFF798E2AD9F9F300630013 /* IssueDetailsViewModel.swift */; };
		6FFF79912ADAA1ED00630013 /* ToggableSection.swift in Sources */ = {isa = PBXBuildFile; fileRef = 6FFF79902ADAA1ED00630013 /* ToggableSection.swift */; };
		6FFF79B12ADB34BF00630013 /* Loadable.swift in Sources */ = {isa = PBXBuildFile; fileRef = 6FFF79B02ADB34BF00630013 /* Loadable.swift */; };
		6FFF79BC2ADB5F2B00630013 /* IssueType.swift in Sources */ = {isa = PBXBuildFile; fileRef = 6FFF79BB2ADB5F2B00630013 /* IssueType.swift */; };
		6FFF79BE2ADB5F3200630013 /* IssuePriority.swift in Sources */ = {isa = PBXBuildFile; fileRef = 6FFF79BD2ADB5F3200630013 /* IssuePriority.swift */; };
		6FFF79C02ADB5F3B00630013 /* IssueStatus.swift in Sources */ = {isa = PBXBuildFile; fileRef = 6FFF79BF2ADB5F3B00630013 /* IssueStatus.swift */; };
		6FFF79C22ADB697100630013 /* Permission.swift in Sources */ = {isa = PBXBuildFile; fileRef = 6FFF79C12ADB697100630013 /* Permission.swift */; };
		6FFF79C92ADD293100630013 /* AsyncContentViewV2.swift in Sources */ = {isa = PBXBuildFile; fileRef = 6FFF79C82ADD293100630013 /* AsyncContentViewV2.swift */; };
		6FFF79CC2ADD398400630013 /* Shimmer in Frameworks */ = {isa = PBXBuildFile; productRef = 6FFF79CB2ADD398400630013 /* Shimmer */; };
		6FFF79CE2ADD3DDB00630013 /* ProjectPlaceholderView.swift in Sources */ = {isa = PBXBuildFile; fileRef = 6FFF79CD2ADD3DDB00630013 /* ProjectPlaceholderView.swift */; };
		6FFF79D02ADD4BF300630013 /* String+Extension.swift in Sources */ = {isa = PBXBuildFile; fileRef = 6FFF79CF2ADD4BF300630013 /* String+Extension.swift */; };
		6FFF79D22ADD4C3C00630013 /* ProjectRowPlaceolderView.swift in Sources */ = {isa = PBXBuildFile; fileRef = 6FFF79D12ADD4C3C00630013 /* ProjectRowPlaceolderView.swift */; };
		6FFF79D42ADD519D00630013 /* SprintRowPlaceholderView.swift in Sources */ = {isa = PBXBuildFile; fileRef = 6FFF79D32ADD519D00630013 /* SprintRowPlaceholderView.swift */; };
		6FFF79D62ADD52F200630013 /* IssueRowPlaceholderView.swift in Sources */ = {isa = PBXBuildFile; fileRef = 6FFF79D52ADD52F200630013 /* IssueRowPlaceholderView.swift */; };
		6FFF79D82ADD557800630013 /* IssuePlaceholderView.swift in Sources */ = {isa = PBXBuildFile; fileRef = 6FFF79D72ADD557800630013 /* IssuePlaceholderView.swift */; };
		6FFF79DB2ADD5AF300630013 /* BoardPlaceholderView.swift in Sources */ = {isa = PBXBuildFile; fileRef = 6FFF79DA2ADD5AF300630013 /* BoardPlaceholderView.swift */; };
/* End PBXBuildFile section */

/* Begin PBXContainerItemProxy section */
		6FBF22A82AC0BECB000A4612 /* PBXContainerItemProxy */ = {
			isa = PBXContainerItemProxy;
			containerPortal = 6FD014E929DAA6DB009F2A77 /* Project object */;
			proxyType = 1;
			remoteGlobalIDString = 6FD014F029DAA6DC009F2A77;
			remoteInfo = Susie;
		};
/* End PBXContainerItemProxy section */

/* Begin PBXFileReference section */
		6F0EFE232ACB331D00578330 /* SprintRowView.swift */ = {isa = PBXFileReference; lastKnownFileType = sourcecode.swift; path = SprintRowView.swift; sourceTree = "<group>"; };
		6F0EFE482ACEC2F400578330 /* Carousel.swift */ = {isa = PBXFileReference; lastKnownFileType = sourcecode.swift; path = Carousel.swift; sourceTree = "<group>"; };
		6F291EB62AC594B8004C9A54 /* IssueFormView.swift */ = {isa = PBXFileReference; lastKnownFileType = sourcecode.swift; path = IssueFormView.swift; sourceTree = "<group>"; };
		6F291EB82AC594CB004C9A54 /* IssueFormViewModel.swift */ = {isa = PBXFileReference; lastKnownFileType = sourcecode.swift; path = IssueFormViewModel.swift; sourceTree = "<group>"; };
		6F291EBA2AC5A3F9004C9A54 /* BoardViewModel.swift */ = {isa = PBXFileReference; lastKnownFileType = sourcecode.swift; path = BoardViewModel.swift; sourceTree = "<group>"; };
		6F291EBC2AC6A09F004C9A54 /* BacklogViewModel.swift */ = {isa = PBXFileReference; lastKnownFileType = sourcecode.swift; path = BacklogViewModel.swift; sourceTree = "<group>"; };
		6F291EBE2AC6A841004C9A54 /* ProjectFormView.swift */ = {isa = PBXFileReference; lastKnownFileType = sourcecode.swift; path = ProjectFormView.swift; sourceTree = "<group>"; };
		6F291EC02AC6A965004C9A54 /* ProjectFormViewModel.swift */ = {isa = PBXFileReference; lastKnownFileType = sourcecode.swift; path = ProjectFormViewModel.swift; sourceTree = "<group>"; };
		6F291EC22AC6BE34004C9A54 /* ScreenHeader.swift */ = {isa = PBXFileReference; fileEncoding = 4; lastKnownFileType = sourcecode.swift; path = ScreenHeader.swift; sourceTree = "<group>"; };
		6F32B7832AC1D2FE00D5F4E8 /* ModelsTests.swift */ = {isa = PBXFileReference; lastKnownFileType = sourcecode.swift; path = ModelsTests.swift; sourceTree = "<group>"; };
		6F32B7852AC1D33E00D5F4E8 /* Mockup Data.swift */ = {isa = PBXFileReference; lastKnownFileType = sourcecode.swift; path = "Mockup Data.swift"; sourceTree = "<group>"; };
		6F3667D22AD6E4D900FE17F3 /* CreateSprintView.swift */ = {isa = PBXFileReference; lastKnownFileType = sourcecode.swift; path = CreateSprintView.swift; sourceTree = "<group>"; };
		6F42A3A52AEA9C86000983AD /* Refresh.swift */ = {isa = PBXFileReference; lastKnownFileType = sourcecode.swift; path = Refresh.swift; sourceTree = "<group>"; };
		6F42A3A82AEB0145000983AD /* CommentFormView.swift */ = {isa = PBXFileReference; lastKnownFileType = sourcecode.swift; path = CommentFormView.swift; sourceTree = "<group>"; };
		6F434EF02A9B814100D13BB6 /* NSCache+Subscript.swift */ = {isa = PBXFileReference; lastKnownFileType = sourcecode.swift; path = "NSCache+Subscript.swift"; sourceTree = "<group>"; };
		6F4FA1022AE13A8F002297C9 /* IssueDetailedFormViewModel.swift */ = {isa = PBXFileReference; lastKnownFileType = sourcecode.swift; path = IssueDetailedFormViewModel.swift; sourceTree = "<group>"; };
		6F4FA1042AE13AB7002297C9 /* TagPickerView.swift */ = {isa = PBXFileReference; lastKnownFileType = sourcecode.swift; path = TagPickerView.swift; sourceTree = "<group>"; };
		6F4FA1062AE13B1A002297C9 /* IssueDetailedFormView.swift */ = {isa = PBXFileReference; lastKnownFileType = sourcecode.swift; path = IssueDetailedFormView.swift; sourceTree = "<group>"; };
		6F4FA1082AE18D9F002297C9 /* Binding+Extension.swift */ = {isa = PBXFileReference; lastKnownFileType = sourcecode.swift; path = "Binding+Extension.swift"; sourceTree = "<group>"; };
		6F4FA10D2AE1EE79002297C9 /* MembersView.swift */ = {isa = PBXFileReference; lastKnownFileType = sourcecode.swift; path = MembersView.swift; sourceTree = "<group>"; };
		6F4FA1142AE6D831002297C9 /* CommentTextInputView.swift */ = {isa = PBXFileReference; lastKnownFileType = sourcecode.swift; path = CommentTextInputView.swift; sourceTree = "<group>"; };
		6F4FA1162AE6DB9A002297C9 /* CommentRowView.swift */ = {isa = PBXFileReference; lastKnownFileType = sourcecode.swift; path = CommentRowView.swift; sourceTree = "<group>"; };
		6F4FA1182AE6F8E5002297C9 /* SwipeView.swift */ = {isa = PBXFileReference; lastKnownFileType = sourcecode.swift; path = SwipeView.swift; sourceTree = "<group>"; };
		6F59AEE12AAC8C570020977E /* Client.swift */ = {isa = PBXFileReference; fileEncoding = 4; lastKnownFileType = sourcecode.swift; path = Client.swift; sourceTree = "<group>"; };
		6F59AEE32AAC8C6D0020977E /* RootViewModel.swift */ = {isa = PBXFileReference; lastKnownFileType = sourcecode.swift; path = RootViewModel.swift; sourceTree = "<group>"; };
		6F5F5EE829DC472100B9BCE6 /* NetworkManager.swift */ = {isa = PBXFileReference; lastKnownFileType = sourcecode.swift; path = NetworkManager.swift; sourceTree = "<group>"; };
		6F5F5EEA29DC88BB00B9BCE6 /* AuthenticatedUserView.swift */ = {isa = PBXFileReference; lastKnownFileType = sourcecode.swift; path = AuthenticatedUserView.swift; sourceTree = "<group>"; };
		6F5F5EF529DD82AB00B9BCE6 /* CustomDivider.swift */ = {isa = PBXFileReference; lastKnownFileType = sourcecode.swift; path = CustomDivider.swift; sourceTree = "<group>"; };
		6F5F5F0C29E07A8100B9BCE6 /* PasswordField.swift */ = {isa = PBXFileReference; lastKnownFileType = sourcecode.swift; path = PasswordField.swift; sourceTree = "<group>"; };
		6F5F5F0E29E07E4800B9BCE6 /* CustomNavigationView.swift */ = {isa = PBXFileReference; lastKnownFileType = sourcecode.swift; path = CustomNavigationView.swift; sourceTree = "<group>"; };
		6F5F9D862A13871D00F51B8E /* SignUpViewModel.swift */ = {isa = PBXFileReference; lastKnownFileType = sourcecode.swift; path = SignUpViewModel.swift; sourceTree = "<group>"; };
		6F5F9D882A138A6300F51B8E /* SignUpFinalisationView.swift */ = {isa = PBXFileReference; lastKnownFileType = sourcecode.swift; path = SignUpFinalisationView.swift; sourceTree = "<group>"; };
		6F5F9D8A2A139A7100F51B8E /* TermsOfService.swift */ = {isa = PBXFileReference; lastKnownFileType = sourcecode.swift; path = TermsOfService.swift; sourceTree = "<group>"; };
		6F5F9D8D2A139B2600F51B8E /* UserGreetingMessange.swift */ = {isa = PBXFileReference; lastKnownFileType = sourcecode.swift; path = UserGreetingMessange.swift; sourceTree = "<group>"; };
		6F63307C2A71A60600719862 /* SprintDropDelegate.swift */ = {isa = PBXFileReference; fileEncoding = 4; lastKnownFileType = sourcecode.swift; path = SprintDropDelegate.swift; sourceTree = "<group>"; };
		6F793FAD2B07ED8200A1EA39 /* App.swift */ = {isa = PBXFileReference; lastKnownFileType = sourcecode.swift; path = App.swift; sourceTree = "<group>"; };
		6F8496EB2A8FAF1200A3F46A /* Project.swift */ = {isa = PBXFileReference; fileEncoding = 4; lastKnownFileType = sourcecode.swift; path = Project.swift; sourceTree = "<group>"; };
		6F8496EC2A8FAF1200A3F46A /* Comment.swift */ = {isa = PBXFileReference; fileEncoding = 4; lastKnownFileType = sourcecode.swift; path = Comment.swift; sourceTree = "<group>"; };
		6F8496EE2A8FAF1200A3F46A /* Backlog.swift */ = {isa = PBXFileReference; fileEncoding = 4; lastKnownFileType = sourcecode.swift; path = Backlog.swift; sourceTree = "<group>"; };
		6F8496F12A8FAF1200A3F46A /* Issue.swift */ = {isa = PBXFileReference; fileEncoding = 4; lastKnownFileType = sourcecode.swift; path = Issue.swift; sourceTree = "<group>"; };
		6F8496F32A8FAF1200A3F46A /* User.swift */ = {isa = PBXFileReference; fileEncoding = 4; lastKnownFileType = sourcecode.swift; path = User.swift; sourceTree = "<group>"; };
		6F8496F52A8FAF1200A3F46A /* SignUp.swift */ = {isa = PBXFileReference; fileEncoding = 4; lastKnownFileType = sourcecode.swift; path = SignUp.swift; sourceTree = "<group>"; };
		6F8496F62A8FAF1200A3F46A /* Sprint.swift */ = {isa = PBXFileReference; fileEncoding = 4; lastKnownFileType = sourcecode.swift; path = Sprint.swift; sourceTree = "<group>"; };
		6F8496F72A8FAF1200A3F46A /* SignIn.swift */ = {isa = PBXFileReference; fileEncoding = 4; lastKnownFileType = sourcecode.swift; path = SignIn.swift; sourceTree = "<group>"; };
		6F895BF12A93C8F20026438D /* Endpoints.swift */ = {isa = PBXFileReference; fileEncoding = 4; lastKnownFileType = sourcecode.swift; path = Endpoints.swift; sourceTree = "<group>"; };
		6F895BFB2A949BCC0026438D /* KeychainManager.swift */ = {isa = PBXFileReference; lastKnownFileType = sourcecode.swift; path = KeychainManager.swift; sourceTree = "<group>"; };
		6F895BFD2A949C110026438D /* Auth.swift */ = {isa = PBXFileReference; lastKnownFileType = sourcecode.swift; path = Auth.swift; sourceTree = "<group>"; };
		6F895C1F2A9501770026438D /* Auth+Extension.swift */ = {isa = PBXFileReference; lastKnownFileType = sourcecode.swift; path = "Auth+Extension.swift"; sourceTree = "<group>"; };
		6F895C222A9512850026438D /* CacheManager.swift */ = {isa = PBXFileReference; lastKnownFileType = sourcecode.swift; path = CacheManager.swift; sourceTree = "<group>"; };
		6F908B0A2A974CA70012463A /* KeychainManager+Subscript.swift */ = {isa = PBXFileReference; lastKnownFileType = sourcecode.swift; path = "KeychainManager+Subscript.swift"; sourceTree = "<group>"; };
		6F908B0F2A9791D10012463A /* Endpoint+Extension.swift */ = {isa = PBXFileReference; lastKnownFileType = sourcecode.swift; path = "Endpoint+Extension.swift"; sourceTree = "<group>"; };
		6FAF714F2AD723F900ECCB30 /* IssueDetailedView.swift */ = {isa = PBXFileReference; lastKnownFileType = sourcecode.swift; path = IssueDetailedView.swift; sourceTree = "<group>"; };
		6FBF22A42AC0BECB000A4612 /* Tests.xctest */ = {isa = PBXFileReference; explicitFileType = wrapper.cfbundle; includeInIndex = 0; path = Tests.xctest; sourceTree = BUILT_PRODUCTS_DIR; };
		6FD008B12A0266AE00D3B760 /* Checkbox.swift */ = {isa = PBXFileReference; lastKnownFileType = sourcecode.swift; path = Checkbox.swift; sourceTree = "<group>"; };
		6FD008B72A026E6E00D3B760 /* FormRowView.swift */ = {isa = PBXFileReference; lastKnownFileType = sourcecode.swift; path = FormRowView.swift; sourceTree = "<group>"; };
		6FD008B92A02705C00D3B760 /* FormTitleView.swift */ = {isa = PBXFileReference; lastKnownFileType = sourcecode.swift; path = FormTitleView.swift; sourceTree = "<group>"; };
		6FD008C32A02C0D800D3B760 /* DashboardView.swift */ = {isa = PBXFileReference; lastKnownFileType = sourcecode.swift; path = DashboardView.swift; sourceTree = "<group>"; };
		6FD014F129DAA6DC009F2A77 /* Susie.app */ = {isa = PBXFileReference; explicitFileType = wrapper.application; includeInIndex = 0; path = Susie.app; sourceTree = BUILT_PRODUCTS_DIR; };
		6FD014F429DAA6DC009F2A77 /* SusieApp.swift */ = {isa = PBXFileReference; lastKnownFileType = sourcecode.swift; path = SusieApp.swift; sourceTree = "<group>"; };
		6FD014F829DAA6DC009F2A77 /* Assets.xcassets */ = {isa = PBXFileReference; lastKnownFileType = folder.assetcatalog; path = Assets.xcassets; sourceTree = "<group>"; };
		6FD014FB29DAA6DC009F2A77 /* Preview Assets.xcassets */ = {isa = PBXFileReference; lastKnownFileType = folder.assetcatalog; path = "Preview Assets.xcassets"; sourceTree = "<group>"; };
		6FD0150D29DAAC8E009F2A77 /* IssueRowView.swift */ = {isa = PBXFileReference; lastKnownFileType = sourcecode.swift; path = IssueRowView.swift; sourceTree = "<group>"; };
		6FD0150F29DAACA0009F2A77 /* TagView.swift */ = {isa = PBXFileReference; lastKnownFileType = sourcecode.swift; path = TagView.swift; sourceTree = "<group>"; };
		6FD0151129DAACAF009F2A77 /* InitialsView.swift */ = {isa = PBXFileReference; lastKnownFileType = sourcecode.swift; path = InitialsView.swift; sourceTree = "<group>"; };
		6FD0151529DAACFA009F2A77 /* PriotiryIndicatorView.swift */ = {isa = PBXFileReference; lastKnownFileType = sourcecode.swift; path = PriotiryIndicatorView.swift; sourceTree = "<group>"; };
		6FD0151729DAADDE009F2A77 /* BoardView.swift */ = {isa = PBXFileReference; lastKnownFileType = sourcecode.swift; path = BoardView.swift; sourceTree = "<group>"; };
		6FD0151929DAAE48009F2A77 /* BoardsView.swift */ = {isa = PBXFileReference; lastKnownFileType = sourcecode.swift; path = BoardsView.swift; sourceTree = "<group>"; };
		6FD0151E29DAB0B7009F2A77 /* WelcomeView.swift */ = {isa = PBXFileReference; lastKnownFileType = sourcecode.swift; path = WelcomeView.swift; sourceTree = "<group>"; };
		6FD0152029DAB0D0009F2A77 /* SignUpView.swift */ = {isa = PBXFileReference; lastKnownFileType = sourcecode.swift; path = SignUpView.swift; sourceTree = "<group>"; };
		6FD0152229DAB0D9009F2A77 /* SignInView.swift */ = {isa = PBXFileReference; lastKnownFileType = sourcecode.swift; path = SignInView.swift; sourceTree = "<group>"; };
		6FD0152D29DAB67F009F2A77 /* TextButton.swift */ = {isa = PBXFileReference; lastKnownFileType = sourcecode.swift; path = TextButton.swift; sourceTree = "<group>"; };
		6FD0153629DAED26009F2A77 /* BacklogView.swift */ = {isa = PBXFileReference; lastKnownFileType = sourcecode.swift; path = BacklogView.swift; sourceTree = "<group>"; };
		6FE1E0ED2AAB5633009136A2 /* Container.swift */ = {isa = PBXFileReference; lastKnownFileType = sourcecode.swift; path = Container.swift; sourceTree = "<group>"; };
		6FE1E0F32AAB6977009136A2 /* ProjectsViewModel.swift */ = {isa = PBXFileReference; lastKnownFileType = sourcecode.swift; path = ProjectsViewModel.swift; sourceTree = "<group>"; };
		6FE1E0F52AAB6980009136A2 /* ProjectsView.swift */ = {isa = PBXFileReference; lastKnownFileType = sourcecode.swift; path = ProjectsView.swift; sourceTree = "<group>"; };
		6FE1E0F72AAB69AA009136A2 /* ProjectRowView.swift */ = {isa = PBXFileReference; lastKnownFileType = sourcecode.swift; path = ProjectRowView.swift; sourceTree = "<group>"; };
		6FE517992A9A111A001A5EDF /* NetworkMonitor.swift */ = {isa = PBXFileReference; lastKnownFileType = sourcecode.swift; path = NetworkMonitor.swift; sourceTree = "<group>"; };
		6FE5179F2A9A42D4001A5EDF /* CacheManager+Subscript.swift */ = {isa = PBXFileReference; lastKnownFileType = sourcecode.swift; path = "CacheManager+Subscript.swift"; sourceTree = "<group>"; };
		6FE517A12A9A435A001A5EDF /* URL+Extension.swift */ = {isa = PBXFileReference; lastKnownFileType = sourcecode.swift; path = "URL+Extension.swift"; sourceTree = "<group>"; };
		6FE816372A69603B005D6817 /* HomeView.swift */ = {isa = PBXFileReference; lastKnownFileType = sourcecode.swift; path = HomeView.swift; sourceTree = "<group>"; };
		6FEC168D2AC86BD8006C7604 /* SprintView.swift */ = {isa = PBXFileReference; lastKnownFileType = sourcecode.swift; path = SprintView.swift; sourceTree = "<group>"; };
		6FEC168F2AC86DFA006C7604 /* SprintViewModel.swift */ = {isa = PBXFileReference; lastKnownFileType = sourcecode.swift; path = SprintViewModel.swift; sourceTree = "<group>"; };
		6FEDB9AA2ACFFF5600D44B49 /* SprintFormView.swift */ = {isa = PBXFileReference; lastKnownFileType = sourcecode.swift; path = SprintFormView.swift; sourceTree = "<group>"; };
		6FEDB9AC2AD000C900D44B49 /* SprintFormViewModel.swift */ = {isa = PBXFileReference; lastKnownFileType = sourcecode.swift; path = SprintFormViewModel.swift; sourceTree = "<group>"; };
		6FEDB9AE2AD0225700D44B49 /* Date+Extension.swift */ = {isa = PBXFileReference; lastKnownFileType = sourcecode.swift; path = "Date+Extension.swift"; sourceTree = "<group>"; };
		6FEDB9B32AD06F6200D44B49 /* SideMenu.swift */ = {isa = PBXFileReference; lastKnownFileType = sourcecode.swift; path = SideMenu.swift; sourceTree = "<group>"; };
		6FEDB9C12AD1C77C00D44B49 /* DashboardViewModel.swift */ = {isa = PBXFileReference; lastKnownFileType = sourcecode.swift; path = DashboardViewModel.swift; sourceTree = "<group>"; };
		6FEDB9C32AD1C7B800D44B49 /* HomeViewModel.swift */ = {isa = PBXFileReference; lastKnownFileType = sourcecode.swift; path = HomeViewModel.swift; sourceTree = "<group>"; };
		6FEDB9C52AD1D63D00D44B49 /* Errors.swift */ = {isa = PBXFileReference; lastKnownFileType = sourcecode.swift; path = Errors.swift; sourceTree = "<group>"; };
		6FF149C12AA8CB07005CDBF6 /* Colors+Extension.swift */ = {isa = PBXFileReference; lastKnownFileType = sourcecode.swift; path = "Colors+Extension.swift"; sourceTree = "<group>"; };
		6FF149C72AA8E220005CDBF6 /* ButtonStyles.swift */ = {isa = PBXFileReference; lastKnownFileType = sourcecode.swift; path = ButtonStyles.swift; sourceTree = "<group>"; };
		6FF702322AC559EF002A03B5 /* BoardsViewModel.swift */ = {isa = PBXFileReference; lastKnownFileType = sourcecode.swift; path = BoardsViewModel.swift; sourceTree = "<group>"; };
		6FFF79892AD9AEAE00630013 /* TextFieldModifier.swift */ = {isa = PBXFileReference; lastKnownFileType = sourcecode.swift; path = TextFieldModifier.swift; sourceTree = "<group>"; };
		6FFF798C2AD9F9E600630013 /* IssueDetailsView.swift */ = {isa = PBXFileReference; lastKnownFileType = sourcecode.swift; path = IssueDetailsView.swift; sourceTree = "<group>"; };
		6FFF798E2AD9F9F300630013 /* IssueDetailsViewModel.swift */ = {isa = PBXFileReference; lastKnownFileType = sourcecode.swift; path = IssueDetailsViewModel.swift; sourceTree = "<group>"; };
		6FFF79902ADAA1ED00630013 /* ToggableSection.swift */ = {isa = PBXFileReference; lastKnownFileType = sourcecode.swift; path = ToggableSection.swift; sourceTree = "<group>"; };
		6FFF79B02ADB34BF00630013 /* Loadable.swift */ = {isa = PBXFileReference; lastKnownFileType = sourcecode.swift; path = Loadable.swift; sourceTree = "<group>"; };
		6FFF79BB2ADB5F2B00630013 /* IssueType.swift */ = {isa = PBXFileReference; lastKnownFileType = sourcecode.swift; path = IssueType.swift; sourceTree = "<group>"; };
		6FFF79BD2ADB5F3200630013 /* IssuePriority.swift */ = {isa = PBXFileReference; lastKnownFileType = sourcecode.swift; path = IssuePriority.swift; sourceTree = "<group>"; };
		6FFF79BF2ADB5F3B00630013 /* IssueStatus.swift */ = {isa = PBXFileReference; lastKnownFileType = sourcecode.swift; path = IssueStatus.swift; sourceTree = "<group>"; };
		6FFF79C12ADB697100630013 /* Permission.swift */ = {isa = PBXFileReference; lastKnownFileType = sourcecode.swift; path = Permission.swift; sourceTree = "<group>"; };
		6FFF79C82ADD293100630013 /* AsyncContentViewV2.swift */ = {isa = PBXFileReference; lastKnownFileType = sourcecode.swift; path = AsyncContentViewV2.swift; sourceTree = "<group>"; };
		6FFF79CD2ADD3DDB00630013 /* ProjectPlaceholderView.swift */ = {isa = PBXFileReference; lastKnownFileType = sourcecode.swift; path = ProjectPlaceholderView.swift; sourceTree = "<group>"; };
		6FFF79CF2ADD4BF300630013 /* String+Extension.swift */ = {isa = PBXFileReference; lastKnownFileType = sourcecode.swift; path = "String+Extension.swift"; sourceTree = "<group>"; };
		6FFF79D12ADD4C3C00630013 /* ProjectRowPlaceolderView.swift */ = {isa = PBXFileReference; lastKnownFileType = sourcecode.swift; path = ProjectRowPlaceolderView.swift; sourceTree = "<group>"; };
		6FFF79D32ADD519D00630013 /* SprintRowPlaceholderView.swift */ = {isa = PBXFileReference; lastKnownFileType = sourcecode.swift; path = SprintRowPlaceholderView.swift; sourceTree = "<group>"; };
		6FFF79D52ADD52F200630013 /* IssueRowPlaceholderView.swift */ = {isa = PBXFileReference; lastKnownFileType = sourcecode.swift; path = IssueRowPlaceholderView.swift; sourceTree = "<group>"; };
		6FFF79D72ADD557800630013 /* IssuePlaceholderView.swift */ = {isa = PBXFileReference; lastKnownFileType = sourcecode.swift; path = IssuePlaceholderView.swift; sourceTree = "<group>"; };
		6FFF79DA2ADD5AF300630013 /* BoardPlaceholderView.swift */ = {isa = PBXFileReference; lastKnownFileType = sourcecode.swift; path = BoardPlaceholderView.swift; sourceTree = "<group>"; };
/* End PBXFileReference section */

/* Begin PBXFrameworksBuildPhase section */
		6FBF22A12AC0BECB000A4612 /* Frameworks */ = {
			isa = PBXFrameworksBuildPhase;
			buildActionMask = 2147483647;
			files = (
			);
			runOnlyForDeploymentPostprocessing = 0;
		};
		6FD014EE29DAA6DC009F2A77 /* Frameworks */ = {
			isa = PBXFrameworksBuildPhase;
			buildActionMask = 2147483647;
			files = (
				6F793FAB2B07EC9400A1EA39 /* ComposableArchitecture in Frameworks */,
				6FFF79CC2ADD398400630013 /* Shimmer in Frameworks */,
				6FE1E0EC2AAB5505009136A2 /* Factory in Frameworks */,
				6F4FA10C2AE1C7BC002297C9 /* PartialSheet in Frameworks */,
				6FEDB9B22AD06D7900D44B49 /* SwipeActions in Frameworks */,
			);
			runOnlyForDeploymentPostprocessing = 0;
		};
/* End PBXFrameworksBuildPhase section */

/* Begin PBXGroup section */
		6F42A3A72AEB0130000983AD /* Comment form */ = {
			isa = PBXGroup;
			children = (
				6F42A3A82AEB0145000983AD /* CommentFormView.swift */,
			);
			path = "Comment form";
			sourceTree = "<group>";
		};
		6F4FA1132AE6D819002297C9 /* Comments */ = {
			isa = PBXGroup;
			children = (
				6F4FA1142AE6D831002297C9 /* CommentTextInputView.swift */,
				6F4FA1162AE6DB9A002297C9 /* CommentRowView.swift */,
				6F4FA1182AE6F8E5002297C9 /* SwipeView.swift */,
			);
			path = Comments;
			sourceTree = "<group>";
		};
		6F5F5F0529E05DAD00B9BCE6 /* Sign up */ = {
			isa = PBXGroup;
			children = (
				6FD0152029DAB0D0009F2A77 /* SignUpView.swift */,
				6F5F9D882A138A6300F51B8E /* SignUpFinalisationView.swift */,
				6F5F9D862A13871D00F51B8E /* SignUpViewModel.swift */,
			);
			path = "Sign up";
			sourceTree = "<group>";
		};
		6F5F5F0629E05DB700B9BCE6 /* Sign in */ = {
			isa = PBXGroup;
			children = (
				6FD0152229DAB0D9009F2A77 /* SignInView.swift */,
			);
			path = "Sign in";
			sourceTree = "<group>";
		};
		6F793FAC2B07ECBC00A1EA39 /* App */ = {
			isa = PBXGroup;
			children = (
				6F793FAD2B07ED8200A1EA39 /* App.swift */,
			);
			path = App;
			sourceTree = "<group>";
		};
		6FBF22A52AC0BECB000A4612 /* Tests */ = {
			isa = PBXGroup;
			children = (
				6F32B7852AC1D33E00D5F4E8 /* Mockup Data.swift */,
				6F32B7832AC1D2FE00D5F4E8 /* ModelsTests.swift */,
			);
			path = Tests;
			sourceTree = "<group>";
		};
		6FD014E829DAA6DB009F2A77 = {
			isa = PBXGroup;
			children = (
				6FD014F329DAA6DC009F2A77 /* Susie */,
				6FBF22A52AC0BECB000A4612 /* Tests */,
				6FD014F229DAA6DC009F2A77 /* Products */,
			);
			sourceTree = "<group>";
		};
		6FD014F229DAA6DC009F2A77 /* Products */ = {
			isa = PBXGroup;
			children = (
				6FD014F129DAA6DC009F2A77 /* Susie.app */,
				6FBF22A42AC0BECB000A4612 /* Tests.xctest */,
			);
			name = Products;
			sourceTree = "<group>";
		};
		6FD014F329DAA6DC009F2A77 /* Susie */ = {
			isa = PBXGroup;
			children = (
				6F793FAC2B07ECBC00A1EA39 /* App */,
				6FE1E0E92AAB5464009136A2 /* Injected */,
				6FE816352A695A69005D6817 /* Extensions */,
				6FEFB2DC29F8225D00DA5668 /* Utilities */,
				6FF149B22AA8C31C005CDBF6 /* Services */,
				6FD0153129DABFB1009F2A77 /* Models */,
				6FF149B32AA8C48D005CDBF6 /* UI */,
				6FF149BB2AA8C7FA005CDBF6 /* Resources */,
			);
			path = Susie;
			sourceTree = "<group>";
		};
		6FD014FA29DAA6DC009F2A77 /* Preview Content */ = {
			isa = PBXGroup;
			children = (
				6FD014FB29DAA6DC009F2A77 /* Preview Assets.xcassets */,
			);
			path = "Preview Content";
			sourceTree = "<group>";
		};
		6FD0150B29DAAC38009F2A77 /* Boards */ = {
			isa = PBXGroup;
			children = (
				6FD0151929DAAE48009F2A77 /* BoardsView.swift */,
				6FD0151729DAADDE009F2A77 /* BoardView.swift */,
				6FF702322AC559EF002A03B5 /* BoardsViewModel.swift */,
				6F291EBA2AC5A3F9004C9A54 /* BoardViewModel.swift */,
			);
			path = Boards;
			sourceTree = "<group>";
		};
		6FD0151C29DAB06D009F2A77 /* Backlog */ = {
			isa = PBXGroup;
			children = (
				6F63307C2A71A60600719862 /* SprintDropDelegate.swift */,
				6FD0153629DAED26009F2A77 /* BacklogView.swift */,
				6F291EBC2AC6A09F004C9A54 /* BacklogViewModel.swift */,
			);
			path = Backlog;
			sourceTree = "<group>";
		};
		6FD0151D29DAB07E009F2A77 /* Dashboard */ = {
			isa = PBXGroup;
			children = (
				6FD008C32A02C0D800D3B760 /* DashboardView.swift */,
				6FEDB9C12AD1C77C00D44B49 /* DashboardViewModel.swift */,
			);
			path = Dashboard;
			sourceTree = "<group>";
		};
		6FD0153129DABFB1009F2A77 /* Models */ = {
			isa = PBXGroup;
			children = (
				6FFF79B02ADB34BF00630013 /* Loadable.swift */,
				6FFF79BB2ADB5F2B00630013 /* IssueType.swift */,
				6FFF79BD2ADB5F3200630013 /* IssuePriority.swift */,
				6FFF79BF2ADB5F3B00630013 /* IssueStatus.swift */,
				6FFF79C32ADB69C400630013 /* Requests */,
				6F8496EE2A8FAF1200A3F46A /* Backlog.swift */,
				6F8496EC2A8FAF1200A3F46A /* Comment.swift */,
				6F8496F12A8FAF1200A3F46A /* Issue.swift */,
				6F8496EB2A8FAF1200A3F46A /* Project.swift */,
				6F8496F62A8FAF1200A3F46A /* Sprint.swift */,
				6F8496F32A8FAF1200A3F46A /* User.swift */,
				6F895BFD2A949C110026438D /* Auth.swift */,
			);
			path = Models;
			sourceTree = "<group>";
		};
		6FE1E0E92AAB5464009136A2 /* Injected */ = {
			isa = PBXGroup;
			children = (
				6F59AEE12AAC8C570020977E /* Client.swift */,
				6FE1E0ED2AAB5633009136A2 /* Container.swift */,
			);
			path = Injected;
			sourceTree = "<group>";
		};
		6FE1E0F12AAB692C009136A2 /* Projects */ = {
			isa = PBXGroup;
			children = (
				6FE1E0F32AAB6977009136A2 /* ProjectsViewModel.swift */,
				6FE1E0F52AAB6980009136A2 /* ProjectsView.swift */,
			);
			path = Projects;
			sourceTree = "<group>";
		};
		6FE816352A695A69005D6817 /* Extensions */ = {
			isa = PBXGroup;
			children = (
				6F895C1F2A9501770026438D /* Auth+Extension.swift */,
				6F908B0F2A9791D10012463A /* Endpoint+Extension.swift */,
				6FE517A12A9A435A001A5EDF /* URL+Extension.swift */,
				6F908B0A2A974CA70012463A /* KeychainManager+Subscript.swift */,
				6FE5179F2A9A42D4001A5EDF /* CacheManager+Subscript.swift */,
				6F434EF02A9B814100D13BB6 /* NSCache+Subscript.swift */,
				6FF149C12AA8CB07005CDBF6 /* Colors+Extension.swift */,
				6FEDB9AE2AD0225700D44B49 /* Date+Extension.swift */,
				6FFF79CF2ADD4BF300630013 /* String+Extension.swift */,
				6F4FA1082AE18D9F002297C9 /* Binding+Extension.swift */,
			);
			path = Extensions;
			sourceTree = "<group>";
		};
		6FE816362A695FFC005D6817 /* Home */ = {
			isa = PBXGroup;
			children = (
				6FE816372A69603B005D6817 /* HomeView.swift */,
				6FEDB9C32AD1C7B800D44B49 /* HomeViewModel.swift */,
			);
			path = Home;
			sourceTree = "<group>";
		};
		6FEDB9A52ACFF36800D44B49 /* Sprint */ = {
			isa = PBXGroup;
			children = (
				6FEC168F2AC86DFA006C7604 /* SprintViewModel.swift */,
				6FEC168D2AC86BD8006C7604 /* SprintView.swift */,
			);
			path = Sprint;
			sourceTree = "<group>";
		};
		6FEDB9B72AD1BA7000D44B49 /* Common */ = {
			isa = PBXGroup;
			children = (
				6F5F9D8A2A139A7100F51B8E /* TermsOfService.swift */,
				6F5F9D8D2A139B2600F51B8E /* UserGreetingMessange.swift */,
				6FF149C72AA8E220005CDBF6 /* ButtonStyles.swift */,
				6FEDB9B32AD06F6200D44B49 /* SideMenu.swift */,
				6FD0151129DAACAF009F2A77 /* InitialsView.swift */,
				6F5F5F0E29E07E4800B9BCE6 /* CustomNavigationView.swift */,
				6FD008B12A0266AE00D3B760 /* Checkbox.swift */,
				6FD0152D29DAB67F009F2A77 /* TextButton.swift */,
				6F291EC22AC6BE34004C9A54 /* ScreenHeader.swift */,
				6F5F5EF529DD82AB00B9BCE6 /* CustomDivider.swift */,
				6F0EFE482ACEC2F400578330 /* Carousel.swift */,
				6FFF79902ADAA1ED00630013 /* ToggableSection.swift */,
				6FFF79C82ADD293100630013 /* AsyncContentViewV2.swift */,
				6F4FA1042AE13AB7002297C9 /* TagPickerView.swift */,
				6F4FA10D2AE1EE79002297C9 /* MembersView.swift */,
			);
			path = Common;
			sourceTree = "<group>";
		};
		6FEDB9B92AD1C5AC00D44B49 /* Project */ = {
			isa = PBXGroup;
			children = (
				6FE1E0F72AAB69AA009136A2 /* ProjectRowView.swift */,
				6FFF79D12ADD4C3C00630013 /* ProjectRowPlaceolderView.swift */,
				6FFF79CD2ADD3DDB00630013 /* ProjectPlaceholderView.swift */,
			);
			path = Project;
			sourceTree = "<group>";
		};
		6FEDB9BB2AD1C5B200D44B49 /* Sprint */ = {
			isa = PBXGroup;
			children = (
				6F0EFE232ACB331D00578330 /* SprintRowView.swift */,
				6F3667D22AD6E4D900FE17F3 /* CreateSprintView.swift */,
				6FFF79D32ADD519D00630013 /* SprintRowPlaceholderView.swift */,
			);
			path = Sprint;
			sourceTree = "<group>";
		};
		6FEDB9BC2AD1C5BA00D44B49 /* Issue */ = {
			isa = PBXGroup;
			children = (
				6FD0150F29DAACA0009F2A77 /* TagView.swift */,
				6FD0151529DAACFA009F2A77 /* PriotiryIndicatorView.swift */,
				6FD0150D29DAAC8E009F2A77 /* IssueRowView.swift */,
				6FAF714F2AD723F900ECCB30 /* IssueDetailedView.swift */,
				6FFF79D52ADD52F200630013 /* IssueRowPlaceholderView.swift */,
				6FFF79D72ADD557800630013 /* IssuePlaceholderView.swift */,
			);
			path = Issue;
			sourceTree = "<group>";
		};
		6FEFB2DC29F8225D00DA5668 /* Utilities */ = {
			isa = PBXGroup;
			children = (
				6FEDB9C52AD1D63D00D44B49 /* Errors.swift */,
				6F895BF12A93C8F20026438D /* Endpoints.swift */,
			);
			path = Utilities;
			sourceTree = "<group>";
		};
		6FF149B22AA8C31C005CDBF6 /* Services */ = {
			isa = PBXGroup;
			children = (
				6FE517992A9A111A001A5EDF /* NetworkMonitor.swift */,
				6F5F5EE829DC472100B9BCE6 /* NetworkManager.swift */,
				6F895BFB2A949BCC0026438D /* KeychainManager.swift */,
				6F895C222A9512850026438D /* CacheManager.swift */,
			);
			path = Services;
			sourceTree = "<group>";
		};
		6FF149B32AA8C48D005CDBF6 /* UI */ = {
			isa = PBXGroup;
			children = (
				6FD014F429DAA6DC009F2A77 /* SusieApp.swift */,
				6F59AEE32AAC8C6D0020977E /* RootViewModel.swift */,
				6FF149B52AA8C4AD005CDBF6 /* Screens */,
				6FF149B72AA8C53A005CDBF6 /* Components */,
			);
			path = UI;
			sourceTree = "<group>";
		};
		6FF149B52AA8C4AD005CDBF6 /* Screens */ = {
			isa = PBXGroup;
			children = (
				6FF149B92AA8C5B8005CDBF6 /* Unauthorized */,
				6FF149B82AA8C5AA005CDBF6 /* Authorized */,
			);
			path = Screens;
			sourceTree = "<group>";
		};
		6FF149B72AA8C53A005CDBF6 /* Components */ = {
			isa = PBXGroup;
			children = (
				6F4FA1132AE6D819002297C9 /* Comments */,
				6FFF79D92ADD5AE900630013 /* Board */,
				6FEDB9BC2AD1C5BA00D44B49 /* Issue */,
				6FEDB9BB2AD1C5B200D44B49 /* Sprint */,
				6FEDB9B92AD1C5AC00D44B49 /* Project */,
				6FEDB9B72AD1BA7000D44B49 /* Common */,
				6FF149C52AA8DF36005CDBF6 /* Forms */,
			);
			path = Components;
			sourceTree = "<group>";
		};
		6FF149B82AA8C5AA005CDBF6 /* Authorized */ = {
			isa = PBXGroup;
			children = (
				6F5F5EEA29DC88BB00B9BCE6 /* AuthenticatedUserView.swift */,
				6FFF79C42ADB710900630013 /* Forms */,
				6FFF798B2AD9F9D200630013 /* Issue Details */,
				6FEDB9A52ACFF36800D44B49 /* Sprint */,
				6FE1E0F12AAB692C009136A2 /* Projects */,
				6FE816362A695FFC005D6817 /* Home */,
				6FD0150B29DAAC38009F2A77 /* Boards */,
				6FD0151C29DAB06D009F2A77 /* Backlog */,
				6FD0151D29DAB07E009F2A77 /* Dashboard */,
			);
			path = Authorized;
			sourceTree = "<group>";
		};
		6FF149B92AA8C5B8005CDBF6 /* Unauthorized */ = {
			isa = PBXGroup;
			children = (
				6FF149C62AA8E178005CDBF6 /* Welcome */,
				6F5F5F0629E05DB700B9BCE6 /* Sign in */,
				6F5F5F0529E05DAD00B9BCE6 /* Sign up */,
			);
			path = Unauthorized;
			sourceTree = "<group>";
		};
		6FF149BB2AA8C7FA005CDBF6 /* Resources */ = {
			isa = PBXGroup;
			children = (
				6FD014FA29DAA6DC009F2A77 /* Preview Content */,
				6FD014F829DAA6DC009F2A77 /* Assets.xcassets */,
			);
			path = Resources;
			sourceTree = "<group>";
		};
		6FF149C52AA8DF36005CDBF6 /* Forms */ = {
			isa = PBXGroup;
			children = (
				6F5F5F0C29E07A8100B9BCE6 /* PasswordField.swift */,
				6FD008B92A02705C00D3B760 /* FormTitleView.swift */,
				6FD008B72A026E6E00D3B760 /* FormRowView.swift */,
				6FFF79892AD9AEAE00630013 /* TextFieldModifier.swift */,
			);
			path = Forms;
			sourceTree = "<group>";
		};
		6FF149C62AA8E178005CDBF6 /* Welcome */ = {
			isa = PBXGroup;
			children = (
				6FD0151E29DAB0B7009F2A77 /* WelcomeView.swift */,
			);
			path = Welcome;
			sourceTree = "<group>";
		};
		6FFF798B2AD9F9D200630013 /* Issue Details */ = {
			isa = PBXGroup;
			children = (
				6FFF798C2AD9F9E600630013 /* IssueDetailsView.swift */,
				6FFF798E2AD9F9F300630013 /* IssueDetailsViewModel.swift */,
			);
			path = "Issue Details";
			sourceTree = "<group>";
		};
		6FFF79C32ADB69C400630013 /* Requests */ = {
			isa = PBXGroup;
			children = (
				6FFF79C12ADB697100630013 /* Permission.swift */,
				6F8496F52A8FAF1200A3F46A /* SignUp.swift */,
				6F8496F72A8FAF1200A3F46A /* SignIn.swift */,
				6F42A3A52AEA9C86000983AD /* Refresh.swift */,
			);
			path = Requests;
			sourceTree = "<group>";
		};
		6FFF79C42ADB710900630013 /* Forms */ = {
			isa = PBXGroup;
			children = (
				6F42A3A72AEB0130000983AD /* Comment form */,
				6FFF79C72ADB712800630013 /* Sprint form */,
				6FFF79C62ADB712000630013 /* Project form */,
				6FFF79C52ADB711700630013 /* Issue form */,
			);
			path = Forms;
			sourceTree = "<group>";
		};
		6FFF79C52ADB711700630013 /* Issue form */ = {
			isa = PBXGroup;
			children = (
				6F291EB62AC594B8004C9A54 /* IssueFormView.swift */,
				6F291EB82AC594CB004C9A54 /* IssueFormViewModel.swift */,
				6F4FA1062AE13B1A002297C9 /* IssueDetailedFormView.swift */,
				6F4FA1022AE13A8F002297C9 /* IssueDetailedFormViewModel.swift */,
			);
			path = "Issue form";
			sourceTree = "<group>";
		};
		6FFF79C62ADB712000630013 /* Project form */ = {
			isa = PBXGroup;
			children = (
				6F291EBE2AC6A841004C9A54 /* ProjectFormView.swift */,
				6F291EC02AC6A965004C9A54 /* ProjectFormViewModel.swift */,
			);
			path = "Project form";
			sourceTree = "<group>";
		};
		6FFF79C72ADB712800630013 /* Sprint form */ = {
			isa = PBXGroup;
			children = (
				6FEDB9AA2ACFFF5600D44B49 /* SprintFormView.swift */,
				6FEDB9AC2AD000C900D44B49 /* SprintFormViewModel.swift */,
			);
			path = "Sprint form";
			sourceTree = "<group>";
		};
		6FFF79D92ADD5AE900630013 /* Board */ = {
			isa = PBXGroup;
			children = (
				6FFF79DA2ADD5AF300630013 /* BoardPlaceholderView.swift */,
			);
			path = Board;
			sourceTree = "<group>";
		};
/* End PBXGroup section */

/* Begin PBXNativeTarget section */
		6FBF22A32AC0BECB000A4612 /* Tests */ = {
			isa = PBXNativeTarget;
			buildConfigurationList = 6FBF22AC2AC0BECB000A4612 /* Build configuration list for PBXNativeTarget "Tests" */;
			buildPhases = (
				6FBF22A02AC0BECB000A4612 /* Sources */,
				6FBF22A12AC0BECB000A4612 /* Frameworks */,
				6FBF22A22AC0BECB000A4612 /* Resources */,
			);
			buildRules = (
			);
			dependencies = (
				6FBF22A92AC0BECB000A4612 /* PBXTargetDependency */,
			);
			name = Tests;
			productName = Tests;
			productReference = 6FBF22A42AC0BECB000A4612 /* Tests.xctest */;
			productType = "com.apple.product-type.bundle.unit-test";
		};
		6FD014F029DAA6DC009F2A77 /* Susie */ = {
			isa = PBXNativeTarget;
			buildConfigurationList = 6FD014FF29DAA6DC009F2A77 /* Build configuration list for PBXNativeTarget "Susie" */;
			buildPhases = (
				6FD014ED29DAA6DC009F2A77 /* Sources */,
				6FD014EE29DAA6DC009F2A77 /* Frameworks */,
				6FD014EF29DAA6DC009F2A77 /* Resources */,
			);
			buildRules = (
			);
			dependencies = (
			);
			name = Susie;
			packageProductDependencies = (
				6FE1E0EB2AAB5505009136A2 /* Factory */,
				6FEDB9B12AD06D7900D44B49 /* SwipeActions */,
				6FFF79CB2ADD398400630013 /* Shimmer */,
				6F4FA10B2AE1C7BC002297C9 /* PartialSheet */,
				6F793FAA2B07EC9400A1EA39 /* ComposableArchitecture */,
			);
			productName = Suzie;
			productReference = 6FD014F129DAA6DC009F2A77 /* Susie.app */;
			productType = "com.apple.product-type.application";
		};
/* End PBXNativeTarget section */

/* Begin PBXProject section */
		6FD014E929DAA6DB009F2A77 /* Project object */ = {
			isa = PBXProject;
			attributes = {
				BuildIndependentTargetsInParallel = 1;
				LastSwiftUpdateCheck = 1430;
				LastUpgradeCheck = 1410;
				TargetAttributes = {
					6FBF22A32AC0BECB000A4612 = {
						CreatedOnToolsVersion = 14.3.1;
						TestTargetID = 6FD014F029DAA6DC009F2A77;
					};
					6FD014F029DAA6DC009F2A77 = {
						CreatedOnToolsVersion = 14.1;
					};
				};
			};
			buildConfigurationList = 6FD014EC29DAA6DB009F2A77 /* Build configuration list for PBXProject "Susie" */;
			compatibilityVersion = "Xcode 14.0";
			developmentRegion = en;
			hasScannedForEncodings = 0;
			knownRegions = (
				en,
				Base,
			);
			mainGroup = 6FD014E829DAA6DB009F2A77;
			packageReferences = (
				6FE1E0EA2AAB5505009136A2 /* XCRemoteSwiftPackageReference "Factory" */,
				6FEDB9B02AD06D7900D44B49 /* XCRemoteSwiftPackageReference "SwipeActions" */,
				6FFF79CA2ADD398400630013 /* XCRemoteSwiftPackageReference "SwiftUI-Shimmer" */,
				6F4FA10A2AE1C7BB002297C9 /* XCRemoteSwiftPackageReference "PartialSheet" */,
				6F793FA92B07EC9400A1EA39 /* XCRemoteSwiftPackageReference "swift-composable-architecture" */,
			);
			productRefGroup = 6FD014F229DAA6DC009F2A77 /* Products */;
			projectDirPath = "";
			projectRoot = "";
			targets = (
				6FD014F029DAA6DC009F2A77 /* Susie */,
				6FBF22A32AC0BECB000A4612 /* Tests */,
			);
		};
/* End PBXProject section */

/* Begin PBXResourcesBuildPhase section */
		6FBF22A22AC0BECB000A4612 /* Resources */ = {
			isa = PBXResourcesBuildPhase;
			buildActionMask = 2147483647;
			files = (
			);
			runOnlyForDeploymentPostprocessing = 0;
		};
		6FD014EF29DAA6DC009F2A77 /* Resources */ = {
			isa = PBXResourcesBuildPhase;
			buildActionMask = 2147483647;
			files = (
				6FD014FC29DAA6DC009F2A77 /* Preview Assets.xcassets in Resources */,
				6FD014F929DAA6DC009F2A77 /* Assets.xcassets in Resources */,
			);
			runOnlyForDeploymentPostprocessing = 0;
		};
/* End PBXResourcesBuildPhase section */

/* Begin PBXSourcesBuildPhase section */
		6FBF22A02AC0BECB000A4612 /* Sources */ = {
			isa = PBXSourcesBuildPhase;
			buildActionMask = 2147483647;
			files = (
				6F32B7862AC1D33E00D5F4E8 /* Mockup Data.swift in Sources */,
				6F32B7842AC1D2FE00D5F4E8 /* ModelsTests.swift in Sources */,
			);
			runOnlyForDeploymentPostprocessing = 0;
		};
		6FD014ED29DAA6DC009F2A77 /* Sources */ = {
			isa = PBXSourcesBuildPhase;
			buildActionMask = 2147483647;
			files = (
				6FD0151229DAACAF009F2A77 /* InitialsView.swift in Sources */,
				6F5F5F0D29E07A8100B9BCE6 /* PasswordField.swift in Sources */,
				6FD008C42A02C0D800D3B760 /* DashboardView.swift in Sources */,
				6FD0151629DAACFA009F2A77 /* PriotiryIndicatorView.swift in Sources */,
				6FFF79BC2ADB5F2B00630013 /* IssueType.swift in Sources */,
				6FFF79DB2ADD5AF300630013 /* BoardPlaceholderView.swift in Sources */,
				6F5F5EF629DD82AB00B9BCE6 /* CustomDivider.swift in Sources */,
				6F5F9D892A138A6300F51B8E /* SignUpFinalisationView.swift in Sources */,
				6FE1E0F62AAB6980009136A2 /* ProjectsView.swift in Sources */,
				6F0EFE242ACB331D00578330 /* SprintRowView.swift in Sources */,
				6F291EBD2AC6A09F004C9A54 /* BacklogViewModel.swift in Sources */,
				6F291EB72AC594B8004C9A54 /* IssueFormView.swift in Sources */,
				6FFF79912ADAA1ED00630013 /* ToggableSection.swift in Sources */,
				6F793FAE2B07ED8200A1EA39 /* App.swift in Sources */,
				6FEC16902AC86DFA006C7604 /* SprintViewModel.swift in Sources */,
				6FFF79D62ADD52F200630013 /* IssueRowPlaceholderView.swift in Sources */,
				6F8496F92A8FAF1200A3F46A /* Project.swift in Sources */,
				6FFF79D22ADD4C3C00630013 /* ProjectRowPlaceolderView.swift in Sources */,
				6FD0152E29DAB67F009F2A77 /* TextButton.swift in Sources */,
				6FE517A22A9A435A001A5EDF /* URL+Extension.swift in Sources */,
				6F895BFE2A949C110026438D /* Auth.swift in Sources */,
				6F291EC12AC6A965004C9A54 /* ProjectFormViewModel.swift in Sources */,
				6F42A3A62AEA9C86000983AD /* Refresh.swift in Sources */,
				6F5F9D8B2A139A7100F51B8E /* TermsOfService.swift in Sources */,
				6F895BFC2A949BCC0026438D /* KeychainManager.swift in Sources */,
				6FD008B82A026E6E00D3B760 /* FormRowView.swift in Sources */,
				6FE1E0F42AAB6977009136A2 /* ProjectsViewModel.swift in Sources */,
				6F59AEE22AAC8C570020977E /* Client.swift in Sources */,
				6FEDB9AB2ACFFF5600D44B49 /* SprintFormView.swift in Sources */,
				6FFF79CE2ADD3DDB00630013 /* ProjectPlaceholderView.swift in Sources */,
				6FD008BA2A02705C00D3B760 /* FormTitleView.swift in Sources */,
				6F4FA1072AE13B1A002297C9 /* IssueDetailedFormView.swift in Sources */,
				6FEDB9AD2AD000C900D44B49 /* SprintFormViewModel.swift in Sources */,
				6F8497032A8FAF1200A3F46A /* SignUp.swift in Sources */,
				6F8497052A8FAF1200A3F46A /* SignIn.swift in Sources */,
				6FFF79D82ADD557800630013 /* IssuePlaceholderView.swift in Sources */,
				6FE1E0EE2AAB5633009136A2 /* Container.swift in Sources */,
				6F4FA1052AE13AB7002297C9 /* TagPickerView.swift in Sources */,
				6F5F5EE929DC472100B9BCE6 /* NetworkManager.swift in Sources */,
				6FFF79BE2ADB5F3200630013 /* IssuePriority.swift in Sources */,
				6FAF71502AD723F900ECCB30 /* IssueDetailedView.swift in Sources */,
				6F895C202A9501770026438D /* Auth+Extension.swift in Sources */,
				6F291EC32AC6BE34004C9A54 /* ScreenHeader.swift in Sources */,
				6FFF79D42ADD519D00630013 /* SprintRowPlaceholderView.swift in Sources */,
				6FE5179A2A9A111A001A5EDF /* NetworkMonitor.swift in Sources */,
				6FF702332AC559EF002A03B5 /* BoardsViewModel.swift in Sources */,
				6FE1E0F82AAB69AA009136A2 /* ProjectRowView.swift in Sources */,
				6FEDB9B42AD06F6200D44B49 /* SideMenu.swift in Sources */,
				6F4FA1032AE13A8F002297C9 /* IssueDetailedFormViewModel.swift in Sources */,
				6FE517A02A9A42D4001A5EDF /* CacheManager+Subscript.swift in Sources */,
				6F63307D2A71A60600719862 /* SprintDropDelegate.swift in Sources */,
				6F895BF22A93C8F20026438D /* Endpoints.swift in Sources */,
				6FD0150E29DAAC8E009F2A77 /* IssueRowView.swift in Sources */,
				6F434EF12A9B814100D13BB6 /* NSCache+Subscript.swift in Sources */,
				6FD0151829DAADDE009F2A77 /* BoardView.swift in Sources */,
				6F8497042A8FAF1200A3F46A /* Sprint.swift in Sources */,
				6FD0152329DAB0D9009F2A77 /* SignInView.swift in Sources */,
				6FEDB9AF2AD0225700D44B49 /* Date+Extension.swift in Sources */,
				6F4FA1192AE6F8E5002297C9 /* SwipeView.swift in Sources */,
				6FEDB9C22AD1C77C00D44B49 /* DashboardViewModel.swift in Sources */,
				6F0EFE492ACEC2F400578330 /* Carousel.swift in Sources */,
				6FFF798D2AD9F9E600630013 /* IssueDetailsView.swift in Sources */,
				6FD008B22A0266AE00D3B760 /* Checkbox.swift in Sources */,
				6FD0153729DAED26009F2A77 /* BacklogView.swift in Sources */,
				6F895C232A9512850026438D /* CacheManager.swift in Sources */,
				6FEC168E2AC86BD8006C7604 /* SprintView.swift in Sources */,
				6FEDB9C62AD1D63D00D44B49 /* Errors.swift in Sources */,
				6FD0152129DAB0D0009F2A77 /* SignUpView.swift in Sources */,
				6FFF798F2AD9F9F300630013 /* IssueDetailsViewModel.swift in Sources */,
				6F4FA10E2AE1EE79002297C9 /* MembersView.swift in Sources */,
				6F908B0B2A974CA70012463A /* KeychainManager+Subscript.swift in Sources */,
				6F4FA1172AE6DB9A002297C9 /* CommentRowView.swift in Sources */,
				6F4FA1092AE18D9F002297C9 /* Binding+Extension.swift in Sources */,
				6FF149C22AA8CB07005CDBF6 /* Colors+Extension.swift in Sources */,
				6F5F9D8E2A139B2600F51B8E /* UserGreetingMessange.swift in Sources */,
				6F5F9D872A13871D00F51B8E /* SignUpViewModel.swift in Sources */,
				6FD0151F29DAB0B7009F2A77 /* WelcomeView.swift in Sources */,
				6F8497012A8FAF1200A3F46A /* User.swift in Sources */,
				6F8496FF2A8FAF1200A3F46A /* Issue.swift in Sources */,
				6FFF79C92ADD293100630013 /* AsyncContentViewV2.swift in Sources */,
				6F291EB92AC594CB004C9A54 /* IssueFormViewModel.swift in Sources */,
				6FD014F529DAA6DC009F2A77 /* SusieApp.swift in Sources */,
				6FFF79D02ADD4BF300630013 /* String+Extension.swift in Sources */,
				6F291EBB2AC5A3F9004C9A54 /* BoardViewModel.swift in Sources */,
				6FD0151A29DAAE48009F2A77 /* BoardsView.swift in Sources */,
				6F3667D32AD6E4D900FE17F3 /* CreateSprintView.swift in Sources */,
				6FF149C82AA8E220005CDBF6 /* ButtonStyles.swift in Sources */,
				6F8496FC2A8FAF1200A3F46A /* Backlog.swift in Sources */,
				6FE816382A69603B005D6817 /* HomeView.swift in Sources */,
				6FFF79C22ADB697100630013 /* Permission.swift in Sources */,
				6F42A3A92AEB0145000983AD /* CommentFormView.swift in Sources */,
				6FFF79C02ADB5F3B00630013 /* IssueStatus.swift in Sources */,
				6F291EBF2AC6A841004C9A54 /* ProjectFormView.swift in Sources */,
				6F908B102A9791D10012463A /* Endpoint+Extension.swift in Sources */,
				6F8496FA2A8FAF1200A3F46A /* Comment.swift in Sources */,
				6FFF798A2AD9AEAE00630013 /* TextFieldModifier.swift in Sources */,
				6FEDB9C42AD1C7B800D44B49 /* HomeViewModel.swift in Sources */,
				6F5F5F0F29E07E4800B9BCE6 /* CustomNavigationView.swift in Sources */,
				6FFF79B12ADB34BF00630013 /* Loadable.swift in Sources */,
				6F4FA1152AE6D831002297C9 /* CommentTextInputView.swift in Sources */,
				6FD0151029DAACA0009F2A77 /* TagView.swift in Sources */,
				6F59AEE42AAC8C6D0020977E /* RootViewModel.swift in Sources */,
				6F5F5EEB29DC88BB00B9BCE6 /* AuthenticatedUserView.swift in Sources */,
			);
			runOnlyForDeploymentPostprocessing = 0;
		};
/* End PBXSourcesBuildPhase section */

/* Begin PBXTargetDependency section */
		6FBF22A92AC0BECB000A4612 /* PBXTargetDependency */ = {
			isa = PBXTargetDependency;
			target = 6FD014F029DAA6DC009F2A77 /* Susie */;
			targetProxy = 6FBF22A82AC0BECB000A4612 /* PBXContainerItemProxy */;
		};
/* End PBXTargetDependency section */

/* Begin XCBuildConfiguration section */
		6FBF22AA2AC0BECB000A4612 /* Debug */ = {
			isa = XCBuildConfiguration;
			buildSettings = {
				BUNDLE_LOADER = "$(TEST_HOST)";
				CODE_SIGN_STYLE = Automatic;
				CURRENT_PROJECT_VERSION = 1;
				DEVELOPMENT_TEAM = V9R36M3H42;
				GENERATE_INFOPLIST_FILE = YES;
				IPHONEOS_DEPLOYMENT_TARGET = 16.4;
				MARKETING_VERSION = 1.0;
				PRODUCT_BUNDLE_IDENTIFIER = mcig.Tests;
				PRODUCT_NAME = "$(TARGET_NAME)";
				SWIFT_EMIT_LOC_STRINGS = NO;
				SWIFT_VERSION = 5.0;
				TARGETED_DEVICE_FAMILY = "1,2";
				TEST_HOST = "$(BUILT_PRODUCTS_DIR)/Susie.app/$(BUNDLE_EXECUTABLE_FOLDER_PATH)/Susie";
			};
			name = Debug;
		};
		6FBF22AB2AC0BECB000A4612 /* Release */ = {
			isa = XCBuildConfiguration;
			buildSettings = {
				BUNDLE_LOADER = "$(TEST_HOST)";
				CODE_SIGN_STYLE = Automatic;
				CURRENT_PROJECT_VERSION = 1;
				DEVELOPMENT_TEAM = V9R36M3H42;
				GENERATE_INFOPLIST_FILE = YES;
				IPHONEOS_DEPLOYMENT_TARGET = 16.4;
				MARKETING_VERSION = 1.0;
				PRODUCT_BUNDLE_IDENTIFIER = mcig.Tests;
				PRODUCT_NAME = "$(TARGET_NAME)";
				SWIFT_EMIT_LOC_STRINGS = NO;
				SWIFT_VERSION = 5.0;
				TARGETED_DEVICE_FAMILY = "1,2";
				TEST_HOST = "$(BUILT_PRODUCTS_DIR)/Susie.app/$(BUNDLE_EXECUTABLE_FOLDER_PATH)/Susie";
			};
			name = Release;
		};
		6FD014FD29DAA6DC009F2A77 /* Debug */ = {
			isa = XCBuildConfiguration;
			buildSettings = {
				ALWAYS_SEARCH_USER_PATHS = NO;
				CLANG_ANALYZER_NONNULL = YES;
				CLANG_ANALYZER_NUMBER_OBJECT_CONVERSION = YES_AGGRESSIVE;
				CLANG_CXX_LANGUAGE_STANDARD = "gnu++20";
				CLANG_ENABLE_MODULES = YES;
				CLANG_ENABLE_OBJC_ARC = YES;
				CLANG_ENABLE_OBJC_WEAK = YES;
				CLANG_WARN_BLOCK_CAPTURE_AUTORELEASING = YES;
				CLANG_WARN_BOOL_CONVERSION = YES;
				CLANG_WARN_COMMA = YES;
				CLANG_WARN_CONSTANT_CONVERSION = YES;
				CLANG_WARN_DEPRECATED_OBJC_IMPLEMENTATIONS = YES;
				CLANG_WARN_DIRECT_OBJC_ISA_USAGE = YES_ERROR;
				CLANG_WARN_DOCUMENTATION_COMMENTS = YES;
				CLANG_WARN_EMPTY_BODY = YES;
				CLANG_WARN_ENUM_CONVERSION = YES;
				CLANG_WARN_INFINITE_RECURSION = YES;
				CLANG_WARN_INT_CONVERSION = YES;
				CLANG_WARN_NON_LITERAL_NULL_CONVERSION = YES;
				CLANG_WARN_OBJC_IMPLICIT_RETAIN_SELF = YES;
				CLANG_WARN_OBJC_LITERAL_CONVERSION = YES;
				CLANG_WARN_OBJC_ROOT_CLASS = YES_ERROR;
				CLANG_WARN_QUOTED_INCLUDE_IN_FRAMEWORK_HEADER = YES;
				CLANG_WARN_RANGE_LOOP_ANALYSIS = YES;
				CLANG_WARN_STRICT_PROTOTYPES = YES;
				CLANG_WARN_SUSPICIOUS_MOVE = YES;
				CLANG_WARN_UNGUARDED_AVAILABILITY = YES_AGGRESSIVE;
				CLANG_WARN_UNREACHABLE_CODE = YES;
				CLANG_WARN__DUPLICATE_METHOD_MATCH = YES;
				COPY_PHASE_STRIP = NO;
				DEBUG_INFORMATION_FORMAT = dwarf;
				ENABLE_STRICT_OBJC_MSGSEND = YES;
				ENABLE_TESTABILITY = YES;
				GCC_C_LANGUAGE_STANDARD = gnu11;
				GCC_DYNAMIC_NO_PIC = NO;
				GCC_NO_COMMON_BLOCKS = YES;
				GCC_OPTIMIZATION_LEVEL = 0;
				GCC_PREPROCESSOR_DEFINITIONS = (
					"DEBUG=1",
					"$(inherited)",
				);
				GCC_WARN_64_TO_32_BIT_CONVERSION = YES;
				GCC_WARN_ABOUT_RETURN_TYPE = YES_ERROR;
				GCC_WARN_UNDECLARED_SELECTOR = YES;
				GCC_WARN_UNINITIALIZED_AUTOS = YES_AGGRESSIVE;
				GCC_WARN_UNUSED_FUNCTION = YES;
				GCC_WARN_UNUSED_VARIABLE = YES;
				IPHONEOS_DEPLOYMENT_TARGET = 16.0;
				MTL_ENABLE_DEBUG_INFO = INCLUDE_SOURCE;
				MTL_FAST_MATH = YES;
				ONLY_ACTIVE_ARCH = YES;
				SDKROOT = iphoneos;
				SWIFT_ACTIVE_COMPILATION_CONDITIONS = DEBUG;
				SWIFT_OPTIMIZATION_LEVEL = "-Onone";
			};
			name = Debug;
		};
		6FD014FE29DAA6DC009F2A77 /* Release */ = {
			isa = XCBuildConfiguration;
			buildSettings = {
				ALWAYS_SEARCH_USER_PATHS = NO;
				CLANG_ANALYZER_NONNULL = YES;
				CLANG_ANALYZER_NUMBER_OBJECT_CONVERSION = YES_AGGRESSIVE;
				CLANG_CXX_LANGUAGE_STANDARD = "gnu++20";
				CLANG_ENABLE_MODULES = YES;
				CLANG_ENABLE_OBJC_ARC = YES;
				CLANG_ENABLE_OBJC_WEAK = YES;
				CLANG_WARN_BLOCK_CAPTURE_AUTORELEASING = YES;
				CLANG_WARN_BOOL_CONVERSION = YES;
				CLANG_WARN_COMMA = YES;
				CLANG_WARN_CONSTANT_CONVERSION = YES;
				CLANG_WARN_DEPRECATED_OBJC_IMPLEMENTATIONS = YES;
				CLANG_WARN_DIRECT_OBJC_ISA_USAGE = YES_ERROR;
				CLANG_WARN_DOCUMENTATION_COMMENTS = YES;
				CLANG_WARN_EMPTY_BODY = YES;
				CLANG_WARN_ENUM_CONVERSION = YES;
				CLANG_WARN_INFINITE_RECURSION = YES;
				CLANG_WARN_INT_CONVERSION = YES;
				CLANG_WARN_NON_LITERAL_NULL_CONVERSION = YES;
				CLANG_WARN_OBJC_IMPLICIT_RETAIN_SELF = YES;
				CLANG_WARN_OBJC_LITERAL_CONVERSION = YES;
				CLANG_WARN_OBJC_ROOT_CLASS = YES_ERROR;
				CLANG_WARN_QUOTED_INCLUDE_IN_FRAMEWORK_HEADER = YES;
				CLANG_WARN_RANGE_LOOP_ANALYSIS = YES;
				CLANG_WARN_STRICT_PROTOTYPES = YES;
				CLANG_WARN_SUSPICIOUS_MOVE = YES;
				CLANG_WARN_UNGUARDED_AVAILABILITY = YES_AGGRESSIVE;
				CLANG_WARN_UNREACHABLE_CODE = YES;
				CLANG_WARN__DUPLICATE_METHOD_MATCH = YES;
				COPY_PHASE_STRIP = NO;
				DEBUG_INFORMATION_FORMAT = "dwarf-with-dsym";
				ENABLE_NS_ASSERTIONS = NO;
				ENABLE_STRICT_OBJC_MSGSEND = YES;
				GCC_C_LANGUAGE_STANDARD = gnu11;
				GCC_NO_COMMON_BLOCKS = YES;
				GCC_WARN_64_TO_32_BIT_CONVERSION = YES;
				GCC_WARN_ABOUT_RETURN_TYPE = YES_ERROR;
				GCC_WARN_UNDECLARED_SELECTOR = YES;
				GCC_WARN_UNINITIALIZED_AUTOS = YES_AGGRESSIVE;
				GCC_WARN_UNUSED_FUNCTION = YES;
				GCC_WARN_UNUSED_VARIABLE = YES;
				IPHONEOS_DEPLOYMENT_TARGET = 16.0;
				MTL_ENABLE_DEBUG_INFO = NO;
				MTL_FAST_MATH = YES;
				SDKROOT = iphoneos;
				SWIFT_COMPILATION_MODE = wholemodule;
				SWIFT_OPTIMIZATION_LEVEL = "-O";
				VALIDATE_PRODUCT = YES;
			};
			name = Release;
		};
		6FD0150029DAA6DC009F2A77 /* Debug */ = {
			isa = XCBuildConfiguration;
			buildSettings = {
				ASSETCATALOG_COMPILER_APPICON_NAME = AppIcon;
				ASSETCATALOG_COMPILER_GLOBAL_ACCENT_COLOR_NAME = AccentColor;
				CODE_SIGN_STYLE = Automatic;
				CURRENT_PROJECT_VERSION = 1;
				DEVELOPMENT_ASSET_PATHS = "\"Susie/Resources/Preview Content\"";
				DEVELOPMENT_TEAM = V9R36M3H42;
				ENABLE_PREVIEWS = YES;
				GENERATE_INFOPLIST_FILE = YES;
				INFOPLIST_KEY_CFBundleDisplayName = Susie;
				INFOPLIST_KEY_LSApplicationCategoryType = "public.app-category.productivity";
				INFOPLIST_KEY_UIApplicationSceneManifest_Generation = YES;
				INFOPLIST_KEY_UIApplicationSupportsIndirectInputEvents = YES;
				INFOPLIST_KEY_UILaunchScreen_Generation = YES;
				INFOPLIST_KEY_UIStatusBarStyle = UIStatusBarStyleLightContent;
				INFOPLIST_KEY_UISupportedInterfaceOrientations = UIInterfaceOrientationPortrait;
				INFOPLIST_KEY_UISupportedInterfaceOrientations_iPad = "UIInterfaceOrientationLandscapeLeft UIInterfaceOrientationLandscapeRight UIInterfaceOrientationPortrait UIInterfaceOrientationPortraitUpsideDown";
				IPHONEOS_DEPLOYMENT_TARGET = 16.0;
				LD_RUNPATH_SEARCH_PATHS = (
					"$(inherited)",
					"@executable_path/Frameworks",
				);
				MARKETING_VERSION = 0.1;
				PRODUCT_BUNDLE_IDENTIFIER = mcig.Suzie;
				PRODUCT_NAME = "$(TARGET_NAME)";
				SUPPORTED_PLATFORMS = "iphoneos iphonesimulator";
				SUPPORTS_MACCATALYST = NO;
				SUPPORTS_MAC_DESIGNED_FOR_IPHONE_IPAD = NO;
				SWIFT_EMIT_LOC_STRINGS = YES;
				SWIFT_VERSION = 5.0;
				TARGETED_DEVICE_FAMILY = 1;
			};
			name = Debug;
		};
		6FD0150129DAA6DC009F2A77 /* Release */ = {
			isa = XCBuildConfiguration;
			buildSettings = {
				ASSETCATALOG_COMPILER_APPICON_NAME = AppIcon;
				ASSETCATALOG_COMPILER_GLOBAL_ACCENT_COLOR_NAME = AccentColor;
				CODE_SIGN_STYLE = Automatic;
				CURRENT_PROJECT_VERSION = 1;
				DEVELOPMENT_ASSET_PATHS = "\"Susie/Resources/Preview Content\"";
				DEVELOPMENT_TEAM = V9R36M3H42;
				ENABLE_PREVIEWS = YES;
				GENERATE_INFOPLIST_FILE = YES;
				INFOPLIST_KEY_CFBundleDisplayName = Susie;
				INFOPLIST_KEY_LSApplicationCategoryType = "public.app-category.productivity";
				INFOPLIST_KEY_UIApplicationSceneManifest_Generation = YES;
				INFOPLIST_KEY_UIApplicationSupportsIndirectInputEvents = YES;
				INFOPLIST_KEY_UILaunchScreen_Generation = YES;
				INFOPLIST_KEY_UIStatusBarStyle = UIStatusBarStyleLightContent;
				INFOPLIST_KEY_UISupportedInterfaceOrientations = UIInterfaceOrientationPortrait;
				INFOPLIST_KEY_UISupportedInterfaceOrientations_iPad = "UIInterfaceOrientationLandscapeLeft UIInterfaceOrientationLandscapeRight UIInterfaceOrientationPortrait UIInterfaceOrientationPortraitUpsideDown";
				IPHONEOS_DEPLOYMENT_TARGET = 16.0;
				LD_RUNPATH_SEARCH_PATHS = (
					"$(inherited)",
					"@executable_path/Frameworks",
				);
				MARKETING_VERSION = 0.1;
				PRODUCT_BUNDLE_IDENTIFIER = mcig.Suzie;
				PRODUCT_NAME = "$(TARGET_NAME)";
				SUPPORTED_PLATFORMS = "iphoneos iphonesimulator";
				SUPPORTS_MACCATALYST = NO;
				SUPPORTS_MAC_DESIGNED_FOR_IPHONE_IPAD = NO;
				SWIFT_EMIT_LOC_STRINGS = YES;
				SWIFT_VERSION = 5.0;
				TARGETED_DEVICE_FAMILY = 1;
			};
			name = Release;
		};
/* End XCBuildConfiguration section */

/* Begin XCConfigurationList section */
		6FBF22AC2AC0BECB000A4612 /* Build configuration list for PBXNativeTarget "Tests" */ = {
			isa = XCConfigurationList;
			buildConfigurations = (
				6FBF22AA2AC0BECB000A4612 /* Debug */,
				6FBF22AB2AC0BECB000A4612 /* Release */,
			);
			defaultConfigurationIsVisible = 0;
			defaultConfigurationName = Release;
		};
		6FD014EC29DAA6DB009F2A77 /* Build configuration list for PBXProject "Susie" */ = {
			isa = XCConfigurationList;
			buildConfigurations = (
				6FD014FD29DAA6DC009F2A77 /* Debug */,
				6FD014FE29DAA6DC009F2A77 /* Release */,
			);
			defaultConfigurationIsVisible = 0;
			defaultConfigurationName = Release;
		};
		6FD014FF29DAA6DC009F2A77 /* Build configuration list for PBXNativeTarget "Susie" */ = {
			isa = XCConfigurationList;
			buildConfigurations = (
				6FD0150029DAA6DC009F2A77 /* Debug */,
				6FD0150129DAA6DC009F2A77 /* Release */,
			);
			defaultConfigurationIsVisible = 0;
			defaultConfigurationName = Release;
		};
/* End XCConfigurationList section */

/* Begin XCRemoteSwiftPackageReference section */
		6F4FA10A2AE1C7BB002297C9 /* XCRemoteSwiftPackageReference "PartialSheet" */ = {
			isa = XCRemoteSwiftPackageReference;
			repositoryURL = "https://github.com/AndreaMiotto/PartialSheet.git";
			requirement = {
				kind = upToNextMajorVersion;
				minimumVersion = 3.1.1;
			};
		};
		6F793FA92B07EC9400A1EA39 /* XCRemoteSwiftPackageReference "swift-composable-architecture" */ = {
			isa = XCRemoteSwiftPackageReference;
			repositoryURL = "https://github.com/pointfreeco/swift-composable-architecture";
			requirement = {
				kind = upToNextMajorVersion;
				minimumVersion = 1.4.2;
			};
		};
		6FE1E0EA2AAB5505009136A2 /* XCRemoteSwiftPackageReference "Factory" */ = {
			isa = XCRemoteSwiftPackageReference;
			repositoryURL = "https://github.com/hmlongco/Factory";
			requirement = {
				kind = upToNextMajorVersion;
				minimumVersion = 2.0.0;
			};
		};
		6FEDB9B02AD06D7900D44B49 /* XCRemoteSwiftPackageReference "SwipeActions" */ = {
			isa = XCRemoteSwiftPackageReference;
			repositoryURL = "https://github.com/aheze/SwipeActions";
			requirement = {
				kind = upToNextMajorVersion;
				minimumVersion = 1.0.0;
			};
		};
		6FFF79CA2ADD398400630013 /* XCRemoteSwiftPackageReference "SwiftUI-Shimmer" */ = {
			isa = XCRemoteSwiftPackageReference;
			repositoryURL = "https://github.com/markiv/SwiftUI-Shimmer.git";
			requirement = {
				kind = upToNextMajorVersion;
				minimumVersion = 1.4.0;
			};
		};
/* End XCRemoteSwiftPackageReference section */

/* Begin XCSwiftPackageProductDependency section */
		6F4FA10B2AE1C7BC002297C9 /* PartialSheet */ = {
			isa = XCSwiftPackageProductDependency;
			package = 6F4FA10A2AE1C7BB002297C9 /* XCRemoteSwiftPackageReference "PartialSheet" */;
			productName = PartialSheet;
		};
		6F793FAA2B07EC9400A1EA39 /* ComposableArchitecture */ = {
			isa = XCSwiftPackageProductDependency;
			package = 6F793FA92B07EC9400A1EA39 /* XCRemoteSwiftPackageReference "swift-composable-architecture" */;
			productName = ComposableArchitecture;
		};
		6FE1E0EB2AAB5505009136A2 /* Factory */ = {
			isa = XCSwiftPackageProductDependency;
			package = 6FE1E0EA2AAB5505009136A2 /* XCRemoteSwiftPackageReference "Factory" */;
			productName = Factory;
		};
		6FEDB9B12AD06D7900D44B49 /* SwipeActions */ = {
			isa = XCSwiftPackageProductDependency;
			package = 6FEDB9B02AD06D7900D44B49 /* XCRemoteSwiftPackageReference "SwipeActions" */;
			productName = SwipeActions;
		};
		6FFF79CB2ADD398400630013 /* Shimmer */ = {
			isa = XCSwiftPackageProductDependency;
			package = 6FFF79CA2ADD398400630013 /* XCRemoteSwiftPackageReference "SwiftUI-Shimmer" */;
			productName = Shimmer;
		};
/* End XCSwiftPackageProductDependency section */
	};
	rootObject = 6FD014E929DAA6DB009F2A77 /* Project object */;
}
